
Microsoft Visual Studio Solution File, Format Version 12.00
# Visual Studio Version 16
VisualStudioVersion = 16.0.30114.105
MinimumVisualStudioVersion = 10.0.40219.1
Project("{FAE04EC0-301F-11D3-BF4B-00C04F79EFBC}") = "Wolverine", "src\Wolverine\Wolverine.csproj", "{C61E1BA2-5C3A-4319-9212-F0CA1514A205}"
EndProject
Project("{2150E333-8FDC-42A3-9474-1A3956D46DE8}") = "Testing", "Testing", "{96119B5E-B5F0-400A-9580-B342EBE26212}"
EndProject
Project("{FAE04EC0-301F-11D3-BF4B-00C04F79EFBC}") = "Benchmarks", "src\Testing\Benchmarks\Benchmarks.csproj", "{902AD1EA-9C2D-4555-869F-83E3C497EF7E}"
EndProject
Project("{FAE04EC0-301F-11D3-BF4B-00C04F79EFBC}") = "TestingSupport", "src\Testing\TestingSupport\TestingSupport.csproj", "{24497E6A-D6B1-4C80-ABFB-57FFAD5070C4}"
EndProject
Project("{FAE04EC0-301F-11D3-BF4B-00C04F79EFBC}") = "CircuitBreakingTests", "src\Testing\CircuitBreakingTests\CircuitBreakingTests.csproj", "{92065511-81A8-4C63-97EB-E075F59A1596}"
EndProject
Project("{FAE04EC0-301F-11D3-BF4B-00C04F79EFBC}") = "CoreTests", "src\Testing\CoreTests\CoreTests.csproj", "{76B3D37E-E3DC-4F6D-B20D-D27DFBD716F7}"
EndProject
Project("{FAE04EC0-301F-11D3-BF4B-00C04F79EFBC}") = "OrderExtension", "src\Testing\OrderExtension\OrderExtension.csproj", "{3991BE77-2223-4CBA-B223-973CA49938F8}"
EndProject
Project("{FAE04EC0-301F-11D3-BF4B-00C04F79EFBC}") = "ScheduledJobTests", "src\Testing\ScheduledJobTests\ScheduledJobTests.csproj", "{E98F470E-B517-4267-AC24-42813DFC8B29}"
EndProject
Project("{2150E333-8FDC-42A3-9474-1A3956D46DE8}") = "Persistence", "Persistence", "{7A9E0EAE-9ABF-40F6-9DB9-8FB1243F4210}"
EndProject
Project("{FAE04EC0-301F-11D3-BF4B-00C04F79EFBC}") = "Wolverine.RDBMS", "src\Persistence\Wolverine.RDBMS\Wolverine.RDBMS.csproj", "{6ED2C542-265E-464A-911C-D74476F75740}"
EndProject
Project("{FAE04EC0-301F-11D3-BF4B-00C04F79EFBC}") = "Wolverine.Marten", "src\Persistence\Wolverine.Marten\Wolverine.Marten.csproj", "{00FF6FFE-7B23-4DD3-BC95-6908072F357E}"
EndProject
Project("{FAE04EC0-301F-11D3-BF4B-00C04F79EFBC}") = "Wolverine.Postgresql", "src\Persistence\Wolverine.Postgresql\Wolverine.Postgresql.csproj", "{6850F1A0-FA56-4C43-A860-0F0BDAD6187D}"
EndProject
Project("{FAE04EC0-301F-11D3-BF4B-00C04F79EFBC}") = "Wolverine.SqlServer", "src\Persistence\Wolverine.SqlServer\Wolverine.SqlServer.csproj", "{EFEB9600-F513-48AD-8F4B-D8994B9182CA}"
EndProject
Project("{FAE04EC0-301F-11D3-BF4B-00C04F79EFBC}") = "PersistenceTests", "src\Persistence\PersistenceTests\PersistenceTests.csproj", "{9CF0B286-90B6-4A2E-BB93-CE17BA822757}"
EndProject
Project("{2150E333-8FDC-42A3-9474-1A3956D46DE8}") = "Transports", "Transports", "{84D32C8B-9CCE-4925-9AEC-8F445C7A2E3D}"
EndProject
Project("{FAE04EC0-301F-11D3-BF4B-00C04F79EFBC}") = "Wolverine.Pulsar", "src\Transports\Wolverine.Pulsar\Wolverine.Pulsar.csproj", "{7A54DAF0-B8B9-47CE-AAC9-EF6719E83FB8}"
EndProject
Project("{FAE04EC0-301F-11D3-BF4B-00C04F79EFBC}") = "Wolverine.Pulsar.Tests", "src\Transports\Wolverine.Pulsar.Tests\Wolverine.Pulsar.Tests.csproj", "{EE95E6D1-DCF1-49ED-ABC9-D1453786BD8F}"
EndProject
Project("{FAE04EC0-301F-11D3-BF4B-00C04F79EFBC}") = "Wolverine.RabbitMQ", "src\Transports\Wolverine.RabbitMQ\Wolverine.RabbitMQ.csproj", "{22501896-B110-461D-A816-E4E6D0BFF97B}"
EndProject
Project("{FAE04EC0-301F-11D3-BF4B-00C04F79EFBC}") = "Wolverine.RabbitMQ.Tests", "src\Transports\Wolverine.RabbitMQ.Tests\Wolverine.RabbitMQ.Tests.csproj", "{AE017A37-7EA6-409A-BDFF-956A0A2A31F6}"
EndProject
Project("{2150E333-8FDC-42A3-9474-1A3956D46DE8}") = "Samples", "Samples", "{D953D733-D154-4DF2-B2B9-30BF942E1B6B}"
EndProject
Project("{FAE04EC0-301F-11D3-BF4B-00C04F79EFBC}") = "Module1", "src\Testing\Module1\Module1.csproj", "{712FCA00-FEAC-495B-85E4-ED2FCE2F43E7}"
EndProject
Project("{FAE04EC0-301F-11D3-BF4B-00C04F79EFBC}") = "CommandBus", "src\Samples\CommandBus\CommandBus.csproj", "{356D46CF-6006-49FE-AD07-CFE212CA2BDC}"
EndProject
Project("{FAE04EC0-301F-11D3-BF4B-00C04F79EFBC}") = "ConsoleApp", "src\Samples\ConsoleApp\ConsoleApp.csproj", "{14C68A66-14A1-4DF3-B404-4B8FE23902A5}"
EndProject
Project("{2150E333-8FDC-42A3-9474-1A3956D46DE8}") = "CQRSWithMarten", "CQRSWithMarten", "{BA2F4808-DB5C-4B3D-953C-0AA441AC2987}"
EndProject
Project("{FAE04EC0-301F-11D3-BF4B-00C04F79EFBC}") = "TeleHealth.Backend", "src\Samples\CQRSWithMarten\TeleHealth.Backend\TeleHealth.Backend.csproj", "{E36A8B0E-38EB-4054-AFB9-FE8461FA9B56}"
EndProject
Project("{FAE04EC0-301F-11D3-BF4B-00C04F79EFBC}") = "TeleHealth.Common", "src\Samples\CQRSWithMarten\TeleHealth.Common\TeleHealth.Common.csproj", "{F2D003CC-D471-4888-8224-F90B58A2A51F}"
EndProject
Project("{FAE04EC0-301F-11D3-BF4B-00C04F79EFBC}") = "TeleHealth.Tests", "src\Samples\CQRSWithMarten\TeleHealth.Tests\TeleHealth.Tests.csproj", "{0241A677-B90A-44C2-A3CF-5A6A40A4AF4E}"
EndProject
Project("{FAE04EC0-301F-11D3-BF4B-00C04F79EFBC}") = "TeleHealth.WebApi", "src\Samples\CQRSWithMarten\TeleHealth.WebApi\TeleHealth.WebApi.csproj", "{BB2B1BF3-316E-46EC-AC48-634160E81149}"
EndProject
Project("{FAE04EC0-301F-11D3-BF4B-00C04F79EFBC}") = "DocumentationSamples", "src\Samples\DocumentationSamples\DocumentationSamples.csproj", "{806CCDA3-1322-4FD5-B986-563A5A1FD157}"
EndProject
Project("{FAE04EC0-301F-11D3-BF4B-00C04F79EFBC}") = "InMemoryMediator", "src\Samples\InMemoryMediator\InMemoryMediator.csproj", "{18DD9E1E-DFF6-4BF6-A309-8532B7F301FB}"
EndProject
Project("{2150E333-8FDC-42A3-9474-1A3956D46DE8}") = "KitchenSink", "KitchenSink", "{68B9476F-412C-44F5-86F1-3E9C06935C97}"
EndProject
Project("{FAE04EC0-301F-11D3-BF4B-00C04F79EFBC}") = "MartenAndRabbitEmailService", "src\Samples\KitchenSink\MartenAndRabbitEmailService\MartenAndRabbitEmailService.csproj", "{9AA81B40-D973-49EB-8A95-8441707268C1}"
EndProject
Project("{FAE04EC0-301F-11D3-BF4B-00C04F79EFBC}") = "MartenAndRabbitIssueService", "src\Samples\KitchenSink\MartenAndRabbitIssueService\MartenAndRabbitIssueService.csproj", "{386A2A1F-E923-40E4-9A4C-92391AE29502}"
EndProject
Project("{FAE04EC0-301F-11D3-BF4B-00C04F79EFBC}") = "MartenAndRabbitMessages", "src\Samples\KitchenSink\MartenAndRabbitMessages\MartenAndRabbitMessages.csproj", "{7C430B1E-880A-4E9B-A826-6BCBA9183C29}"
EndProject
Project("{FAE04EC0-301F-11D3-BF4B-00C04F79EFBC}") = "OrderEventSourcingSample", "src\Samples\OrderEventSourcingSample\OrderEventSourcingSample.csproj", "{4B9313DF-78B7-404D-ABBC-E980DBEC30F2}"
EndProject
Project("{FAE04EC0-301F-11D3-BF4B-00C04F79EFBC}") = "OrderSagaSample", "src\Samples\OrderSagaSample\OrderSagaSample.csproj", "{6ACCD616-C165-4D92-A6E0-8070C26BC6C4}"
EndProject
Project("{2150E333-8FDC-42A3-9474-1A3956D46DE8}") = "PingPong", "PingPong", "{3C152F85-B9BE-40E5-A4AF-EF03DC96DE17}"
EndProject
Project("{FAE04EC0-301F-11D3-BF4B-00C04F79EFBC}") = "Messages", "src\Samples\PingPong\Messages\Messages.csproj", "{3C401613-DFD3-4EF7-A085-150F16727FD4}"
EndProject
Project("{FAE04EC0-301F-11D3-BF4B-00C04F79EFBC}") = "Pinger", "src\Samples\PingPong\Pinger\Pinger.csproj", "{E202C1F9-34A2-4778-9943-FAC44868DDC2}"
EndProject
Project("{FAE04EC0-301F-11D3-BF4B-00C04F79EFBC}") = "Ponger", "src\Samples\PingPong\Ponger\Ponger.csproj", "{AE8766B0-3168-4FBD-AAF6-E2DAF7F3D009}"
EndProject
Project("{2150E333-8FDC-42A3-9474-1A3956D46DE8}") = "PingPongWithRabbitMq", "PingPongWithRabbitMq", "{77430826-FF01-4D14-A0B5-2B544872F252}"
EndProject
Project("{FAE04EC0-301F-11D3-BF4B-00C04F79EFBC}") = "Pinger", "src\Samples\PingPongWithRabbitMq\Pinger\Pinger.csproj", "{49A3EB4F-1488-4AC5-93FB-D259E4A5326D}"
EndProject
Project("{FAE04EC0-301F-11D3-BF4B-00C04F79EFBC}") = "Ponger", "src\Samples\PingPongWithRabbitMq\Ponger\Ponger.csproj", "{32122415-00BB-4513-A30E-648FA5AC1C2E}"
EndProject
Project("{FAE04EC0-301F-11D3-BF4B-00C04F79EFBC}") = "Publisher", "src\Samples\Publisher\Publisher.csproj", "{5252E59E-B919-4DB6-8ED6-8B5109C7BF50}"
EndProject
Project("{FAE04EC0-301F-11D3-BF4B-00C04F79EFBC}") = "Quickstart", "src\Samples\Quickstart\Quickstart.csproj", "{317567E6-9AEB-4ABD-80AA-55ADE710F01A}"
EndProject
Project("{FAE04EC0-301F-11D3-BF4B-00C04F79EFBC}") = "RabbitMqBootstrapping", "src\Samples\RabbitMqBootstrapping\RabbitMqBootstrapping.csproj", "{233B7642-1172-4413-B297-9C3FBAB29BD9}"
EndProject
Project("{FAE04EC0-301F-11D3-BF4B-00C04F79EFBC}") = "WebApiWithMarten", "src\Samples\WebApiWithMarten\WebApiWithMarten.csproj", "{57DA3CBC-7337-4BE5-8737-DACD066EC043}"
EndProject
Project("{2150E333-8FDC-42A3-9474-1A3956D46DE8}") = "OpenTelemetry", "OpenTelemetry", "{0676FAFE-9E98-4723-84D3-74450BB9BA21}"
EndProject
Project("{FAE04EC0-301F-11D3-BF4B-00C04F79EFBC}") = "OtelMessages", "src\Testing\OpenTelemetry\OtelMessages\OtelMessages.csproj", "{8EB941B2-9265-44C5-B58C-C9C4B6ADD7CE}"
EndProject
Project("{FAE04EC0-301F-11D3-BF4B-00C04F79EFBC}") = "OtelWebApi", "src\Testing\OpenTelemetry\OtelWebApi\OtelWebApi.csproj", "{2D98B315-03F7-43E0-96FF-B45DA8CCBC84}"
EndProject
Project("{FAE04EC0-301F-11D3-BF4B-00C04F79EFBC}") = "Subscriber1", "src\Testing\OpenTelemetry\Subscriber1\Subscriber1.csproj", "{FE227CDD-DCA9-4B28-9B4F-B809D0012E48}"
EndProject
Project("{FAE04EC0-301F-11D3-BF4B-00C04F79EFBC}") = "Subscriber2", "src\Testing\OpenTelemetry\Subscriber2\Subscriber2.csproj", "{4BE7FE28-5764-43EE-9D7B-6D53A9B58F53}"
EndProject
Project("{FAE04EC0-301F-11D3-BF4B-00C04F79EFBC}") = "TracingTests", "src\Testing\OpenTelemetry\TracingTests\TracingTests.csproj", "{3246F150-2653-4093-86E6-617D22F08A03}"
EndProject
Project("{FAE04EC0-301F-11D3-BF4B-00C04F79EFBC}") = "Wolverine.EntityFrameworkCore", "src\Persistence\Wolverine.EntityFrameworkCore\Wolverine.EntityFrameworkCore.csproj", "{EFD8CCE3-BF02-4EA4-8859-DF02692E08C8}"
EndProject
Project("{FAE04EC0-301F-11D3-BF4B-00C04F79EFBC}") = "PolicyTests", "src\Testing\PolicyTests\PolicyTests\PolicyTests.csproj", "{A6CF0886-032C-4582-9DAD-40C9F2681DFB}"
EndProject
Project("{FAE04EC0-301F-11D3-BF4B-00C04F79EFBC}") = "OptimizedArtifactWorkflowSample", "src\Samples\OptimizedArtifactWorkflowSample\OptimizedArtifactWorkflowSample.csproj", "{3D535F13-5F10-46B1-B68C-A37E6DBA8A9B}"
EndProject
Project("{FAE04EC0-301F-11D3-BF4B-00C04F79EFBC}") = "MassTransitRabbitMqService", "src\Transports\MassTransitRabbitMqService\MassTransitRabbitMqService.csproj", "{FAE406FB-6755-49D7-B880-DEFFB8F4085F}"
EndProject
Project("{FAE04EC0-301F-11D3-BF4B-00C04F79EFBC}") = "NServiceBusRabbitMqService", "src\Transports\NServiceBusRabbitMqService\NServiceBusRabbitMqService.csproj", "{E22BB128-9450-481A-A97F-5F9405CB3099}"
EndProject
Project("{FAE04EC0-301F-11D3-BF4B-00C04F79EFBC}") = "MetricsDemonstrator", "src\Samples\MetricsDemonstrator\MetricsDemonstrator.csproj", "{E1CFBB86-8460-4484-98DF-E0697F4E97A9}"
EndProject
Project("{FAE04EC0-301F-11D3-BF4B-00C04F79EFBC}") = "Wolverine.AmazonSqs", "src\Transports\Wolverine.AmazonSqs\Wolverine.AmazonSqs.csproj", "{18037260-9C37-43B6-B8A3-5EB1862FBD66}"
EndProject
Project("{FAE04EC0-301F-11D3-BF4B-00C04F79EFBC}") = "Wolverine.AmazonSqs.Tests", "src\Transports\Wolverine.AmazonSqs.Tests\Wolverine.AmazonSqs.Tests.csproj", "{2CDCE5CD-3087-48FA-89EA-AEC0CF039A99}"
EndProject
Project("{FAE04EC0-301F-11D3-BF4B-00C04F79EFBC}") = "Wolverine.AzureServiceBus", "src\Transports\Wolverine.AzureServiceBus\Wolverine.AzureServiceBus.csproj", "{52CB21E0-7A22-46EA-B334-5B9DE82A4453}"
EndProject
Project("{FAE04EC0-301F-11D3-BF4B-00C04F79EFBC}") = "Wolverine.AzureServiceBus.Tests", "src\Transports\Wolverine.AzureServiceBus.Tests\Wolverine.AzureServiceBus.Tests.csproj", "{51CE015A-ACEC-48F9-8B6D-CBF5EBA58020}"
EndProject
Project("{2150E333-8FDC-42A3-9474-1A3956D46DE8}") = "Extensions", "Extensions", "{F429686D-BB41-4E1C-A84E-518F8A289AEF}"
EndProject
Project("{FAE04EC0-301F-11D3-BF4B-00C04F79EFBC}") = "Wolverine.FluentValidation", "src\Extensions\Wolverine.FluentValidation\Wolverine.FluentValidation.csproj", "{2348222B-ECFA-46EB-9956-E6500C1B7AF0}"
EndProject
Project("{FAE04EC0-301F-11D3-BF4B-00C04F79EFBC}") = "Wolverine.FluentValidation.Tests", "src\Extensions\Wolverine.FluentValidation.Tests\Wolverine.FluentValidation.Tests.csproj", "{13882AAB-B2EC-48E0-8D11-20810DDB7516}"
EndProject
Project("{2150E333-8FDC-42A3-9474-1A3956D46DE8}") = "Middleware", "Middleware", "{1FC63454-ADB1-48A8-8B2C-3635AAE97126}"
EndProject
Project("{FAE04EC0-301F-11D3-BF4B-00C04F79EFBC}") = "AppWithMiddleware", "src\Samples\Middleware\AppWithMiddleware\AppWithMiddleware.csproj", "{4819C739-6312-4DA5-8C30-CD3313F3B49B}"
EndProject
Project("{FAE04EC0-301F-11D3-BF4B-00C04F79EFBC}") = "AppWithMiddleware.Tests", "src\Samples\Middleware\AppWithMiddleware.Tests\AppWithMiddleware.Tests.csproj", "{53B3D48F-D6CE-4292-856F-AB369844FF4C}"
EndProject
Project("{2150E333-8FDC-42A3-9474-1A3956D46DE8}") = ".SolutionItems", ".SolutionItems", "{51B05E49-D96B-45BB-AA24-C3F37C143727}"
	ProjectSection(SolutionItems) = preProject
		Directory.Build.props = Directory.Build.props
		Analysis.Build.props = Analysis.Build.props
		global.json = global.json
		mdsnippets.json = mdsnippets.json
		README.md = README.md
	EndProjectSection
EndProject
Project("{FAE04EC0-301F-11D3-BF4B-00C04F79EFBC}") = "Wolverine.MemoryPack", "src\Extensions\Wolverine.MemoryPack\Wolverine.MemoryPack.csproj", "{469A2C91-64B4-439B-9097-05499770FFB3}"
EndProject
Project("{FAE04EC0-301F-11D3-BF4B-00C04F79EFBC}") = "Wolverine.MemoryPack.Tests", "src\Extensions\Wolverine.MemoryPack.Tests\Wolverine.MemoryPack.Tests.csproj", "{A2A46E0F-EAE5-45E5-B17B-0EEB554B1049}"
EndProject
Project("{2150E333-8FDC-42A3-9474-1A3956D46DE8}") = "EFCoreSample", "EFCoreSample", "{D7E65E36-A803-4240-A049-659BC93627F3}"
EndProject
Project("{FAE04EC0-301F-11D3-BF4B-00C04F79EFBC}") = "ItemService", "src\Samples\EFCoreSample\ItemService\ItemService.csproj", "{CF735D62-B33E-4E3D-9045-43850531F867}"
EndProject
Project("{FAE04EC0-301F-11D3-BF4B-00C04F79EFBC}") = "ItemService.Tests", "src\Samples\EFCoreSample\ItemService.Tests\ItemService.Tests.csproj", "{055A5C37-ECAA-4111-9AB9-FC7C85B86222}"
EndProject
Project("{2150E333-8FDC-42A3-9474-1A3956D46DE8}") = "Http", "Http", "{4B0BC1E5-17F9-4DD0-AC93-DDC522E1BE3C}"
EndProject
Project("{FAE04EC0-301F-11D3-BF4B-00C04F79EFBC}") = "Wolverine.Http", "src\Http\Wolverine.Http\Wolverine.Http.csproj", "{4DF54E7E-3BC2-4B16-9296-C2E198EF1E09}"
EndProject
Project("{FAE04EC0-301F-11D3-BF4B-00C04F79EFBC}") = "Wolverine.Http.Tests", "src\Http\Wolverine.Http.Tests\Wolverine.Http.Tests.csproj", "{77323165-5363-4FFD-B00C-9385DDE3DCB4}"
EndProject
Project("{FAE04EC0-301F-11D3-BF4B-00C04F79EFBC}") = "WolverineWebApi", "src\Http\WolverineWebApi\WolverineWebApi.csproj", "{4B60B80B-48AC-4628-90D4-35BE8D959988}"
EndProject
Project("{2150E333-8FDC-42A3-9474-1A3956D46DE8}") = "TodoWebService", "TodoWebService", "{52628041-CDDB-48AE-B8A7-007D4563CFEC}"
EndProject
Project("{FAE04EC0-301F-11D3-BF4B-00C04F79EFBC}") = "TodoWebService", "src\Samples\TodoWebService\TodoWebService\TodoWebService.csproj", "{9A9ECFF6-520C-4067-B946-1904D4A51550}"
EndProject
Project("{FAE04EC0-301F-11D3-BF4B-00C04F79EFBC}") = "TodoWebServiceTests", "src\Samples\TodoWebService\TodoWebServiceTests\TodoWebServiceTests.csproj", "{234B46D6-9EA9-43A7-852C-C3F7124FBDE9}"
EndProject
Global
	GlobalSection(SolutionConfigurationPlatforms) = preSolution
		Debug|Any CPU = Debug|Any CPU
		Release|Any CPU = Release|Any CPU
	EndGlobalSection
	GlobalSection(SolutionProperties) = preSolution
		HideSolutionNode = FALSE
	EndGlobalSection
	GlobalSection(ProjectConfigurationPlatforms) = postSolution
		{C61E1BA2-5C3A-4319-9212-F0CA1514A205}.Debug|Any CPU.ActiveCfg = Debug|Any CPU
		{C61E1BA2-5C3A-4319-9212-F0CA1514A205}.Debug|Any CPU.Build.0 = Debug|Any CPU
		{C61E1BA2-5C3A-4319-9212-F0CA1514A205}.Release|Any CPU.ActiveCfg = Release|Any CPU
		{C61E1BA2-5C3A-4319-9212-F0CA1514A205}.Release|Any CPU.Build.0 = Release|Any CPU
		{902AD1EA-9C2D-4555-869F-83E3C497EF7E}.Debug|Any CPU.ActiveCfg = Debug|Any CPU
		{902AD1EA-9C2D-4555-869F-83E3C497EF7E}.Debug|Any CPU.Build.0 = Debug|Any CPU
		{902AD1EA-9C2D-4555-869F-83E3C497EF7E}.Release|Any CPU.ActiveCfg = Release|Any CPU
		{902AD1EA-9C2D-4555-869F-83E3C497EF7E}.Release|Any CPU.Build.0 = Release|Any CPU
		{24497E6A-D6B1-4C80-ABFB-57FFAD5070C4}.Debug|Any CPU.ActiveCfg = Debug|Any CPU
		{24497E6A-D6B1-4C80-ABFB-57FFAD5070C4}.Debug|Any CPU.Build.0 = Debug|Any CPU
		{24497E6A-D6B1-4C80-ABFB-57FFAD5070C4}.Release|Any CPU.ActiveCfg = Release|Any CPU
		{24497E6A-D6B1-4C80-ABFB-57FFAD5070C4}.Release|Any CPU.Build.0 = Release|Any CPU
		{92065511-81A8-4C63-97EB-E075F59A1596}.Debug|Any CPU.ActiveCfg = Debug|Any CPU
		{92065511-81A8-4C63-97EB-E075F59A1596}.Debug|Any CPU.Build.0 = Debug|Any CPU
		{92065511-81A8-4C63-97EB-E075F59A1596}.Release|Any CPU.ActiveCfg = Release|Any CPU
		{92065511-81A8-4C63-97EB-E075F59A1596}.Release|Any CPU.Build.0 = Release|Any CPU
		{76B3D37E-E3DC-4F6D-B20D-D27DFBD716F7}.Debug|Any CPU.ActiveCfg = Debug|Any CPU
		{76B3D37E-E3DC-4F6D-B20D-D27DFBD716F7}.Debug|Any CPU.Build.0 = Debug|Any CPU
		{76B3D37E-E3DC-4F6D-B20D-D27DFBD716F7}.Release|Any CPU.ActiveCfg = Release|Any CPU
		{76B3D37E-E3DC-4F6D-B20D-D27DFBD716F7}.Release|Any CPU.Build.0 = Release|Any CPU
		{3991BE77-2223-4CBA-B223-973CA49938F8}.Debug|Any CPU.ActiveCfg = Debug|Any CPU
		{3991BE77-2223-4CBA-B223-973CA49938F8}.Debug|Any CPU.Build.0 = Debug|Any CPU
		{3991BE77-2223-4CBA-B223-973CA49938F8}.Release|Any CPU.ActiveCfg = Release|Any CPU
		{3991BE77-2223-4CBA-B223-973CA49938F8}.Release|Any CPU.Build.0 = Release|Any CPU
		{E98F470E-B517-4267-AC24-42813DFC8B29}.Debug|Any CPU.ActiveCfg = Debug|Any CPU
		{E98F470E-B517-4267-AC24-42813DFC8B29}.Debug|Any CPU.Build.0 = Debug|Any CPU
		{E98F470E-B517-4267-AC24-42813DFC8B29}.Release|Any CPU.ActiveCfg = Release|Any CPU
		{E98F470E-B517-4267-AC24-42813DFC8B29}.Release|Any CPU.Build.0 = Release|Any CPU
		{6ED2C542-265E-464A-911C-D74476F75740}.Debug|Any CPU.ActiveCfg = Debug|Any CPU
		{6ED2C542-265E-464A-911C-D74476F75740}.Debug|Any CPU.Build.0 = Debug|Any CPU
		{6ED2C542-265E-464A-911C-D74476F75740}.Release|Any CPU.ActiveCfg = Release|Any CPU
		{6ED2C542-265E-464A-911C-D74476F75740}.Release|Any CPU.Build.0 = Release|Any CPU
		{00FF6FFE-7B23-4DD3-BC95-6908072F357E}.Debug|Any CPU.ActiveCfg = Debug|Any CPU
		{00FF6FFE-7B23-4DD3-BC95-6908072F357E}.Debug|Any CPU.Build.0 = Debug|Any CPU
		{00FF6FFE-7B23-4DD3-BC95-6908072F357E}.Release|Any CPU.ActiveCfg = Release|Any CPU
		{00FF6FFE-7B23-4DD3-BC95-6908072F357E}.Release|Any CPU.Build.0 = Release|Any CPU
		{6850F1A0-FA56-4C43-A860-0F0BDAD6187D}.Debug|Any CPU.ActiveCfg = Debug|Any CPU
		{6850F1A0-FA56-4C43-A860-0F0BDAD6187D}.Debug|Any CPU.Build.0 = Debug|Any CPU
		{6850F1A0-FA56-4C43-A860-0F0BDAD6187D}.Release|Any CPU.ActiveCfg = Release|Any CPU
		{6850F1A0-FA56-4C43-A860-0F0BDAD6187D}.Release|Any CPU.Build.0 = Release|Any CPU
		{EFEB9600-F513-48AD-8F4B-D8994B9182CA}.Debug|Any CPU.ActiveCfg = Debug|Any CPU
		{EFEB9600-F513-48AD-8F4B-D8994B9182CA}.Debug|Any CPU.Build.0 = Debug|Any CPU
		{EFEB9600-F513-48AD-8F4B-D8994B9182CA}.Release|Any CPU.ActiveCfg = Release|Any CPU
		{EFEB9600-F513-48AD-8F4B-D8994B9182CA}.Release|Any CPU.Build.0 = Release|Any CPU
		{9CF0B286-90B6-4A2E-BB93-CE17BA822757}.Debug|Any CPU.ActiveCfg = Debug|Any CPU
		{9CF0B286-90B6-4A2E-BB93-CE17BA822757}.Debug|Any CPU.Build.0 = Debug|Any CPU
		{9CF0B286-90B6-4A2E-BB93-CE17BA822757}.Release|Any CPU.ActiveCfg = Release|Any CPU
		{9CF0B286-90B6-4A2E-BB93-CE17BA822757}.Release|Any CPU.Build.0 = Release|Any CPU
		{7A54DAF0-B8B9-47CE-AAC9-EF6719E83FB8}.Debug|Any CPU.ActiveCfg = Debug|Any CPU
		{7A54DAF0-B8B9-47CE-AAC9-EF6719E83FB8}.Debug|Any CPU.Build.0 = Debug|Any CPU
		{7A54DAF0-B8B9-47CE-AAC9-EF6719E83FB8}.Release|Any CPU.ActiveCfg = Release|Any CPU
		{7A54DAF0-B8B9-47CE-AAC9-EF6719E83FB8}.Release|Any CPU.Build.0 = Release|Any CPU
		{EE95E6D1-DCF1-49ED-ABC9-D1453786BD8F}.Debug|Any CPU.ActiveCfg = Debug|Any CPU
		{EE95E6D1-DCF1-49ED-ABC9-D1453786BD8F}.Debug|Any CPU.Build.0 = Debug|Any CPU
		{EE95E6D1-DCF1-49ED-ABC9-D1453786BD8F}.Release|Any CPU.ActiveCfg = Release|Any CPU
		{EE95E6D1-DCF1-49ED-ABC9-D1453786BD8F}.Release|Any CPU.Build.0 = Release|Any CPU
		{22501896-B110-461D-A816-E4E6D0BFF97B}.Debug|Any CPU.ActiveCfg = Debug|Any CPU
		{22501896-B110-461D-A816-E4E6D0BFF97B}.Debug|Any CPU.Build.0 = Debug|Any CPU
		{22501896-B110-461D-A816-E4E6D0BFF97B}.Release|Any CPU.ActiveCfg = Release|Any CPU
		{22501896-B110-461D-A816-E4E6D0BFF97B}.Release|Any CPU.Build.0 = Release|Any CPU
		{AE017A37-7EA6-409A-BDFF-956A0A2A31F6}.Debug|Any CPU.ActiveCfg = Debug|Any CPU
		{AE017A37-7EA6-409A-BDFF-956A0A2A31F6}.Debug|Any CPU.Build.0 = Debug|Any CPU
		{AE017A37-7EA6-409A-BDFF-956A0A2A31F6}.Release|Any CPU.ActiveCfg = Release|Any CPU
		{AE017A37-7EA6-409A-BDFF-956A0A2A31F6}.Release|Any CPU.Build.0 = Release|Any CPU
		{712FCA00-FEAC-495B-85E4-ED2FCE2F43E7}.Debug|Any CPU.ActiveCfg = Debug|Any CPU
		{712FCA00-FEAC-495B-85E4-ED2FCE2F43E7}.Debug|Any CPU.Build.0 = Debug|Any CPU
		{712FCA00-FEAC-495B-85E4-ED2FCE2F43E7}.Release|Any CPU.ActiveCfg = Release|Any CPU
		{712FCA00-FEAC-495B-85E4-ED2FCE2F43E7}.Release|Any CPU.Build.0 = Release|Any CPU
		{356D46CF-6006-49FE-AD07-CFE212CA2BDC}.Debug|Any CPU.ActiveCfg = Debug|Any CPU
		{356D46CF-6006-49FE-AD07-CFE212CA2BDC}.Debug|Any CPU.Build.0 = Debug|Any CPU
		{356D46CF-6006-49FE-AD07-CFE212CA2BDC}.Release|Any CPU.ActiveCfg = Release|Any CPU
		{356D46CF-6006-49FE-AD07-CFE212CA2BDC}.Release|Any CPU.Build.0 = Release|Any CPU
		{14C68A66-14A1-4DF3-B404-4B8FE23902A5}.Debug|Any CPU.ActiveCfg = Debug|Any CPU
		{14C68A66-14A1-4DF3-B404-4B8FE23902A5}.Debug|Any CPU.Build.0 = Debug|Any CPU
		{14C68A66-14A1-4DF3-B404-4B8FE23902A5}.Release|Any CPU.ActiveCfg = Release|Any CPU
		{14C68A66-14A1-4DF3-B404-4B8FE23902A5}.Release|Any CPU.Build.0 = Release|Any CPU
		{E36A8B0E-38EB-4054-AFB9-FE8461FA9B56}.Debug|Any CPU.ActiveCfg = Debug|Any CPU
		{E36A8B0E-38EB-4054-AFB9-FE8461FA9B56}.Debug|Any CPU.Build.0 = Debug|Any CPU
		{E36A8B0E-38EB-4054-AFB9-FE8461FA9B56}.Release|Any CPU.ActiveCfg = Release|Any CPU
		{E36A8B0E-38EB-4054-AFB9-FE8461FA9B56}.Release|Any CPU.Build.0 = Release|Any CPU
		{F2D003CC-D471-4888-8224-F90B58A2A51F}.Debug|Any CPU.ActiveCfg = Debug|Any CPU
		{F2D003CC-D471-4888-8224-F90B58A2A51F}.Debug|Any CPU.Build.0 = Debug|Any CPU
		{F2D003CC-D471-4888-8224-F90B58A2A51F}.Release|Any CPU.ActiveCfg = Release|Any CPU
		{F2D003CC-D471-4888-8224-F90B58A2A51F}.Release|Any CPU.Build.0 = Release|Any CPU
		{0241A677-B90A-44C2-A3CF-5A6A40A4AF4E}.Debug|Any CPU.ActiveCfg = Debug|Any CPU
		{0241A677-B90A-44C2-A3CF-5A6A40A4AF4E}.Debug|Any CPU.Build.0 = Debug|Any CPU
		{0241A677-B90A-44C2-A3CF-5A6A40A4AF4E}.Release|Any CPU.ActiveCfg = Release|Any CPU
		{0241A677-B90A-44C2-A3CF-5A6A40A4AF4E}.Release|Any CPU.Build.0 = Release|Any CPU
		{BB2B1BF3-316E-46EC-AC48-634160E81149}.Debug|Any CPU.ActiveCfg = Debug|Any CPU
		{BB2B1BF3-316E-46EC-AC48-634160E81149}.Debug|Any CPU.Build.0 = Debug|Any CPU
		{BB2B1BF3-316E-46EC-AC48-634160E81149}.Release|Any CPU.ActiveCfg = Release|Any CPU
		{BB2B1BF3-316E-46EC-AC48-634160E81149}.Release|Any CPU.Build.0 = Release|Any CPU
		{806CCDA3-1322-4FD5-B986-563A5A1FD157}.Debug|Any CPU.ActiveCfg = Debug|Any CPU
		{806CCDA3-1322-4FD5-B986-563A5A1FD157}.Debug|Any CPU.Build.0 = Debug|Any CPU
		{806CCDA3-1322-4FD5-B986-563A5A1FD157}.Release|Any CPU.ActiveCfg = Release|Any CPU
		{806CCDA3-1322-4FD5-B986-563A5A1FD157}.Release|Any CPU.Build.0 = Release|Any CPU
		{18DD9E1E-DFF6-4BF6-A309-8532B7F301FB}.Debug|Any CPU.ActiveCfg = Debug|Any CPU
		{18DD9E1E-DFF6-4BF6-A309-8532B7F301FB}.Debug|Any CPU.Build.0 = Debug|Any CPU
		{18DD9E1E-DFF6-4BF6-A309-8532B7F301FB}.Release|Any CPU.ActiveCfg = Release|Any CPU
		{18DD9E1E-DFF6-4BF6-A309-8532B7F301FB}.Release|Any CPU.Build.0 = Release|Any CPU
		{9AA81B40-D973-49EB-8A95-8441707268C1}.Debug|Any CPU.ActiveCfg = Debug|Any CPU
		{9AA81B40-D973-49EB-8A95-8441707268C1}.Debug|Any CPU.Build.0 = Debug|Any CPU
		{9AA81B40-D973-49EB-8A95-8441707268C1}.Release|Any CPU.ActiveCfg = Release|Any CPU
		{9AA81B40-D973-49EB-8A95-8441707268C1}.Release|Any CPU.Build.0 = Release|Any CPU
		{386A2A1F-E923-40E4-9A4C-92391AE29502}.Debug|Any CPU.ActiveCfg = Debug|Any CPU
		{386A2A1F-E923-40E4-9A4C-92391AE29502}.Debug|Any CPU.Build.0 = Debug|Any CPU
		{386A2A1F-E923-40E4-9A4C-92391AE29502}.Release|Any CPU.ActiveCfg = Release|Any CPU
		{386A2A1F-E923-40E4-9A4C-92391AE29502}.Release|Any CPU.Build.0 = Release|Any CPU
		{7C430B1E-880A-4E9B-A826-6BCBA9183C29}.Debug|Any CPU.ActiveCfg = Debug|Any CPU
		{7C430B1E-880A-4E9B-A826-6BCBA9183C29}.Debug|Any CPU.Build.0 = Debug|Any CPU
		{7C430B1E-880A-4E9B-A826-6BCBA9183C29}.Release|Any CPU.ActiveCfg = Release|Any CPU
		{7C430B1E-880A-4E9B-A826-6BCBA9183C29}.Release|Any CPU.Build.0 = Release|Any CPU
		{4B9313DF-78B7-404D-ABBC-E980DBEC30F2}.Debug|Any CPU.ActiveCfg = Debug|Any CPU
		{4B9313DF-78B7-404D-ABBC-E980DBEC30F2}.Debug|Any CPU.Build.0 = Debug|Any CPU
		{4B9313DF-78B7-404D-ABBC-E980DBEC30F2}.Release|Any CPU.ActiveCfg = Release|Any CPU
		{4B9313DF-78B7-404D-ABBC-E980DBEC30F2}.Release|Any CPU.Build.0 = Release|Any CPU
		{6ACCD616-C165-4D92-A6E0-8070C26BC6C4}.Debug|Any CPU.ActiveCfg = Debug|Any CPU
		{6ACCD616-C165-4D92-A6E0-8070C26BC6C4}.Debug|Any CPU.Build.0 = Debug|Any CPU
		{6ACCD616-C165-4D92-A6E0-8070C26BC6C4}.Release|Any CPU.ActiveCfg = Release|Any CPU
		{6ACCD616-C165-4D92-A6E0-8070C26BC6C4}.Release|Any CPU.Build.0 = Release|Any CPU
		{3C401613-DFD3-4EF7-A085-150F16727FD4}.Debug|Any CPU.ActiveCfg = Debug|Any CPU
		{3C401613-DFD3-4EF7-A085-150F16727FD4}.Debug|Any CPU.Build.0 = Debug|Any CPU
		{3C401613-DFD3-4EF7-A085-150F16727FD4}.Release|Any CPU.ActiveCfg = Release|Any CPU
		{3C401613-DFD3-4EF7-A085-150F16727FD4}.Release|Any CPU.Build.0 = Release|Any CPU
		{E202C1F9-34A2-4778-9943-FAC44868DDC2}.Debug|Any CPU.ActiveCfg = Debug|Any CPU
		{E202C1F9-34A2-4778-9943-FAC44868DDC2}.Debug|Any CPU.Build.0 = Debug|Any CPU
		{E202C1F9-34A2-4778-9943-FAC44868DDC2}.Release|Any CPU.ActiveCfg = Release|Any CPU
		{E202C1F9-34A2-4778-9943-FAC44868DDC2}.Release|Any CPU.Build.0 = Release|Any CPU
		{AE8766B0-3168-4FBD-AAF6-E2DAF7F3D009}.Debug|Any CPU.ActiveCfg = Debug|Any CPU
		{AE8766B0-3168-4FBD-AAF6-E2DAF7F3D009}.Debug|Any CPU.Build.0 = Debug|Any CPU
		{AE8766B0-3168-4FBD-AAF6-E2DAF7F3D009}.Release|Any CPU.ActiveCfg = Release|Any CPU
		{AE8766B0-3168-4FBD-AAF6-E2DAF7F3D009}.Release|Any CPU.Build.0 = Release|Any CPU
		{49A3EB4F-1488-4AC5-93FB-D259E4A5326D}.Debug|Any CPU.ActiveCfg = Debug|Any CPU
		{49A3EB4F-1488-4AC5-93FB-D259E4A5326D}.Debug|Any CPU.Build.0 = Debug|Any CPU
		{49A3EB4F-1488-4AC5-93FB-D259E4A5326D}.Release|Any CPU.ActiveCfg = Release|Any CPU
		{49A3EB4F-1488-4AC5-93FB-D259E4A5326D}.Release|Any CPU.Build.0 = Release|Any CPU
		{32122415-00BB-4513-A30E-648FA5AC1C2E}.Debug|Any CPU.ActiveCfg = Debug|Any CPU
		{32122415-00BB-4513-A30E-648FA5AC1C2E}.Debug|Any CPU.Build.0 = Debug|Any CPU
		{32122415-00BB-4513-A30E-648FA5AC1C2E}.Release|Any CPU.ActiveCfg = Release|Any CPU
		{32122415-00BB-4513-A30E-648FA5AC1C2E}.Release|Any CPU.Build.0 = Release|Any CPU
		{5252E59E-B919-4DB6-8ED6-8B5109C7BF50}.Debug|Any CPU.ActiveCfg = Debug|Any CPU
		{5252E59E-B919-4DB6-8ED6-8B5109C7BF50}.Debug|Any CPU.Build.0 = Debug|Any CPU
		{5252E59E-B919-4DB6-8ED6-8B5109C7BF50}.Release|Any CPU.ActiveCfg = Release|Any CPU
		{5252E59E-B919-4DB6-8ED6-8B5109C7BF50}.Release|Any CPU.Build.0 = Release|Any CPU
		{317567E6-9AEB-4ABD-80AA-55ADE710F01A}.Debug|Any CPU.ActiveCfg = Debug|Any CPU
		{317567E6-9AEB-4ABD-80AA-55ADE710F01A}.Debug|Any CPU.Build.0 = Debug|Any CPU
		{317567E6-9AEB-4ABD-80AA-55ADE710F01A}.Release|Any CPU.ActiveCfg = Release|Any CPU
		{317567E6-9AEB-4ABD-80AA-55ADE710F01A}.Release|Any CPU.Build.0 = Release|Any CPU
		{233B7642-1172-4413-B297-9C3FBAB29BD9}.Debug|Any CPU.ActiveCfg = Debug|Any CPU
		{233B7642-1172-4413-B297-9C3FBAB29BD9}.Debug|Any CPU.Build.0 = Debug|Any CPU
		{233B7642-1172-4413-B297-9C3FBAB29BD9}.Release|Any CPU.ActiveCfg = Release|Any CPU
		{233B7642-1172-4413-B297-9C3FBAB29BD9}.Release|Any CPU.Build.0 = Release|Any CPU
		{57DA3CBC-7337-4BE5-8737-DACD066EC043}.Debug|Any CPU.ActiveCfg = Debug|Any CPU
		{57DA3CBC-7337-4BE5-8737-DACD066EC043}.Debug|Any CPU.Build.0 = Debug|Any CPU
		{57DA3CBC-7337-4BE5-8737-DACD066EC043}.Release|Any CPU.ActiveCfg = Release|Any CPU
		{57DA3CBC-7337-4BE5-8737-DACD066EC043}.Release|Any CPU.Build.0 = Release|Any CPU
		{8EB941B2-9265-44C5-B58C-C9C4B6ADD7CE}.Debug|Any CPU.ActiveCfg = Debug|Any CPU
		{8EB941B2-9265-44C5-B58C-C9C4B6ADD7CE}.Debug|Any CPU.Build.0 = Debug|Any CPU
		{8EB941B2-9265-44C5-B58C-C9C4B6ADD7CE}.Release|Any CPU.ActiveCfg = Release|Any CPU
		{8EB941B2-9265-44C5-B58C-C9C4B6ADD7CE}.Release|Any CPU.Build.0 = Release|Any CPU
		{2D98B315-03F7-43E0-96FF-B45DA8CCBC84}.Debug|Any CPU.ActiveCfg = Debug|Any CPU
		{2D98B315-03F7-43E0-96FF-B45DA8CCBC84}.Debug|Any CPU.Build.0 = Debug|Any CPU
		{2D98B315-03F7-43E0-96FF-B45DA8CCBC84}.Release|Any CPU.ActiveCfg = Release|Any CPU
		{2D98B315-03F7-43E0-96FF-B45DA8CCBC84}.Release|Any CPU.Build.0 = Release|Any CPU
		{FE227CDD-DCA9-4B28-9B4F-B809D0012E48}.Debug|Any CPU.ActiveCfg = Debug|Any CPU
		{FE227CDD-DCA9-4B28-9B4F-B809D0012E48}.Debug|Any CPU.Build.0 = Debug|Any CPU
		{FE227CDD-DCA9-4B28-9B4F-B809D0012E48}.Release|Any CPU.ActiveCfg = Release|Any CPU
		{FE227CDD-DCA9-4B28-9B4F-B809D0012E48}.Release|Any CPU.Build.0 = Release|Any CPU
		{4BE7FE28-5764-43EE-9D7B-6D53A9B58F53}.Debug|Any CPU.ActiveCfg = Debug|Any CPU
		{4BE7FE28-5764-43EE-9D7B-6D53A9B58F53}.Debug|Any CPU.Build.0 = Debug|Any CPU
		{4BE7FE28-5764-43EE-9D7B-6D53A9B58F53}.Release|Any CPU.ActiveCfg = Release|Any CPU
		{4BE7FE28-5764-43EE-9D7B-6D53A9B58F53}.Release|Any CPU.Build.0 = Release|Any CPU
		{3246F150-2653-4093-86E6-617D22F08A03}.Debug|Any CPU.ActiveCfg = Debug|Any CPU
		{3246F150-2653-4093-86E6-617D22F08A03}.Debug|Any CPU.Build.0 = Debug|Any CPU
		{3246F150-2653-4093-86E6-617D22F08A03}.Release|Any CPU.ActiveCfg = Release|Any CPU
		{3246F150-2653-4093-86E6-617D22F08A03}.Release|Any CPU.Build.0 = Release|Any CPU
		{EFD8CCE3-BF02-4EA4-8859-DF02692E08C8}.Debug|Any CPU.ActiveCfg = Debug|Any CPU
		{EFD8CCE3-BF02-4EA4-8859-DF02692E08C8}.Debug|Any CPU.Build.0 = Debug|Any CPU
		{EFD8CCE3-BF02-4EA4-8859-DF02692E08C8}.Release|Any CPU.ActiveCfg = Release|Any CPU
		{EFD8CCE3-BF02-4EA4-8859-DF02692E08C8}.Release|Any CPU.Build.0 = Release|Any CPU
		{A6CF0886-032C-4582-9DAD-40C9F2681DFB}.Debug|Any CPU.ActiveCfg = Debug|Any CPU
		{A6CF0886-032C-4582-9DAD-40C9F2681DFB}.Debug|Any CPU.Build.0 = Debug|Any CPU
		{A6CF0886-032C-4582-9DAD-40C9F2681DFB}.Release|Any CPU.ActiveCfg = Release|Any CPU
		{A6CF0886-032C-4582-9DAD-40C9F2681DFB}.Release|Any CPU.Build.0 = Release|Any CPU
		{3D535F13-5F10-46B1-B68C-A37E6DBA8A9B}.Debug|Any CPU.ActiveCfg = Debug|Any CPU
		{3D535F13-5F10-46B1-B68C-A37E6DBA8A9B}.Debug|Any CPU.Build.0 = Debug|Any CPU
		{3D535F13-5F10-46B1-B68C-A37E6DBA8A9B}.Release|Any CPU.ActiveCfg = Release|Any CPU
		{3D535F13-5F10-46B1-B68C-A37E6DBA8A9B}.Release|Any CPU.Build.0 = Release|Any CPU
		{FAE406FB-6755-49D7-B880-DEFFB8F4085F}.Debug|Any CPU.ActiveCfg = Debug|Any CPU
		{FAE406FB-6755-49D7-B880-DEFFB8F4085F}.Debug|Any CPU.Build.0 = Debug|Any CPU
		{FAE406FB-6755-49D7-B880-DEFFB8F4085F}.Release|Any CPU.ActiveCfg = Release|Any CPU
		{FAE406FB-6755-49D7-B880-DEFFB8F4085F}.Release|Any CPU.Build.0 = Release|Any CPU
		{E22BB128-9450-481A-A97F-5F9405CB3099}.Debug|Any CPU.ActiveCfg = Debug|Any CPU
		{E22BB128-9450-481A-A97F-5F9405CB3099}.Debug|Any CPU.Build.0 = Debug|Any CPU
		{E22BB128-9450-481A-A97F-5F9405CB3099}.Release|Any CPU.ActiveCfg = Release|Any CPU
		{E22BB128-9450-481A-A97F-5F9405CB3099}.Release|Any CPU.Build.0 = Release|Any CPU
		{E1CFBB86-8460-4484-98DF-E0697F4E97A9}.Debug|Any CPU.ActiveCfg = Debug|Any CPU
		{E1CFBB86-8460-4484-98DF-E0697F4E97A9}.Debug|Any CPU.Build.0 = Debug|Any CPU
		{E1CFBB86-8460-4484-98DF-E0697F4E97A9}.Release|Any CPU.ActiveCfg = Release|Any CPU
		{E1CFBB86-8460-4484-98DF-E0697F4E97A9}.Release|Any CPU.Build.0 = Release|Any CPU
		{18037260-9C37-43B6-B8A3-5EB1862FBD66}.Debug|Any CPU.ActiveCfg = Debug|Any CPU
		{18037260-9C37-43B6-B8A3-5EB1862FBD66}.Debug|Any CPU.Build.0 = Debug|Any CPU
		{18037260-9C37-43B6-B8A3-5EB1862FBD66}.Release|Any CPU.ActiveCfg = Release|Any CPU
		{18037260-9C37-43B6-B8A3-5EB1862FBD66}.Release|Any CPU.Build.0 = Release|Any CPU
		{2CDCE5CD-3087-48FA-89EA-AEC0CF039A99}.Debug|Any CPU.ActiveCfg = Debug|Any CPU
		{2CDCE5CD-3087-48FA-89EA-AEC0CF039A99}.Debug|Any CPU.Build.0 = Debug|Any CPU
		{2CDCE5CD-3087-48FA-89EA-AEC0CF039A99}.Release|Any CPU.ActiveCfg = Release|Any CPU
		{2CDCE5CD-3087-48FA-89EA-AEC0CF039A99}.Release|Any CPU.Build.0 = Release|Any CPU
		{52CB21E0-7A22-46EA-B334-5B9DE82A4453}.Debug|Any CPU.ActiveCfg = Debug|Any CPU
		{52CB21E0-7A22-46EA-B334-5B9DE82A4453}.Debug|Any CPU.Build.0 = Debug|Any CPU
		{52CB21E0-7A22-46EA-B334-5B9DE82A4453}.Release|Any CPU.ActiveCfg = Release|Any CPU
		{52CB21E0-7A22-46EA-B334-5B9DE82A4453}.Release|Any CPU.Build.0 = Release|Any CPU
		{51CE015A-ACEC-48F9-8B6D-CBF5EBA58020}.Debug|Any CPU.ActiveCfg = Debug|Any CPU
		{51CE015A-ACEC-48F9-8B6D-CBF5EBA58020}.Debug|Any CPU.Build.0 = Debug|Any CPU
		{51CE015A-ACEC-48F9-8B6D-CBF5EBA58020}.Release|Any CPU.ActiveCfg = Release|Any CPU
		{51CE015A-ACEC-48F9-8B6D-CBF5EBA58020}.Release|Any CPU.Build.0 = Release|Any CPU
		{2348222B-ECFA-46EB-9956-E6500C1B7AF0}.Debug|Any CPU.ActiveCfg = Debug|Any CPU
		{2348222B-ECFA-46EB-9956-E6500C1B7AF0}.Debug|Any CPU.Build.0 = Debug|Any CPU
		{2348222B-ECFA-46EB-9956-E6500C1B7AF0}.Release|Any CPU.ActiveCfg = Release|Any CPU
		{2348222B-ECFA-46EB-9956-E6500C1B7AF0}.Release|Any CPU.Build.0 = Release|Any CPU
		{13882AAB-B2EC-48E0-8D11-20810DDB7516}.Debug|Any CPU.ActiveCfg = Debug|Any CPU
		{13882AAB-B2EC-48E0-8D11-20810DDB7516}.Debug|Any CPU.Build.0 = Debug|Any CPU
		{13882AAB-B2EC-48E0-8D11-20810DDB7516}.Release|Any CPU.ActiveCfg = Release|Any CPU
		{13882AAB-B2EC-48E0-8D11-20810DDB7516}.Release|Any CPU.Build.0 = Release|Any CPU
		{4819C739-6312-4DA5-8C30-CD3313F3B49B}.Debug|Any CPU.ActiveCfg = Debug|Any CPU
		{4819C739-6312-4DA5-8C30-CD3313F3B49B}.Debug|Any CPU.Build.0 = Debug|Any CPU
		{4819C739-6312-4DA5-8C30-CD3313F3B49B}.Release|Any CPU.ActiveCfg = Release|Any CPU
		{4819C739-6312-4DA5-8C30-CD3313F3B49B}.Release|Any CPU.Build.0 = Release|Any CPU
		{53B3D48F-D6CE-4292-856F-AB369844FF4C}.Debug|Any CPU.ActiveCfg = Debug|Any CPU
		{53B3D48F-D6CE-4292-856F-AB369844FF4C}.Debug|Any CPU.Build.0 = Debug|Any CPU
		{53B3D48F-D6CE-4292-856F-AB369844FF4C}.Release|Any CPU.ActiveCfg = Release|Any CPU
		{53B3D48F-D6CE-4292-856F-AB369844FF4C}.Release|Any CPU.Build.0 = Release|Any CPU
		{CF735D62-B33E-4E3D-9045-43850531F867}.Debug|Any CPU.ActiveCfg = Debug|Any CPU
		{CF735D62-B33E-4E3D-9045-43850531F867}.Debug|Any CPU.Build.0 = Debug|Any CPU
		{CF735D62-B33E-4E3D-9045-43850531F867}.Release|Any CPU.ActiveCfg = Release|Any CPU
		{CF735D62-B33E-4E3D-9045-43850531F867}.Release|Any CPU.Build.0 = Release|Any CPU
		{055A5C37-ECAA-4111-9AB9-FC7C85B86222}.Debug|Any CPU.ActiveCfg = Debug|Any CPU
		{055A5C37-ECAA-4111-9AB9-FC7C85B86222}.Debug|Any CPU.Build.0 = Debug|Any CPU
		{055A5C37-ECAA-4111-9AB9-FC7C85B86222}.Release|Any CPU.ActiveCfg = Release|Any CPU
		{055A5C37-ECAA-4111-9AB9-FC7C85B86222}.Release|Any CPU.Build.0 = Release|Any CPU
		{469A2C91-64B4-439B-9097-05499770FFB3}.Debug|Any CPU.ActiveCfg = Debug|Any CPU
		{469A2C91-64B4-439B-9097-05499770FFB3}.Debug|Any CPU.Build.0 = Debug|Any CPU
		{469A2C91-64B4-439B-9097-05499770FFB3}.Release|Any CPU.ActiveCfg = Release|Any CPU
		{469A2C91-64B4-439B-9097-05499770FFB3}.Release|Any CPU.Build.0 = Release|Any CPU
		{A2A46E0F-EAE5-45E5-B17B-0EEB554B1049}.Debug|Any CPU.ActiveCfg = Debug|Any CPU
		{A2A46E0F-EAE5-45E5-B17B-0EEB554B1049}.Debug|Any CPU.Build.0 = Debug|Any CPU
		{A2A46E0F-EAE5-45E5-B17B-0EEB554B1049}.Release|Any CPU.ActiveCfg = Release|Any CPU
		{A2A46E0F-EAE5-45E5-B17B-0EEB554B1049}.Release|Any CPU.Build.0 = Release|Any CPU
		{4DF54E7E-3BC2-4B16-9296-C2E198EF1E09}.Debug|Any CPU.ActiveCfg = Debug|Any CPU
		{4DF54E7E-3BC2-4B16-9296-C2E198EF1E09}.Debug|Any CPU.Build.0 = Debug|Any CPU
		{4DF54E7E-3BC2-4B16-9296-C2E198EF1E09}.Release|Any CPU.ActiveCfg = Release|Any CPU
		{4DF54E7E-3BC2-4B16-9296-C2E198EF1E09}.Release|Any CPU.Build.0 = Release|Any CPU
		{77323165-5363-4FFD-B00C-9385DDE3DCB4}.Debug|Any CPU.ActiveCfg = Debug|Any CPU
		{77323165-5363-4FFD-B00C-9385DDE3DCB4}.Debug|Any CPU.Build.0 = Debug|Any CPU
		{77323165-5363-4FFD-B00C-9385DDE3DCB4}.Release|Any CPU.ActiveCfg = Release|Any CPU
		{77323165-5363-4FFD-B00C-9385DDE3DCB4}.Release|Any CPU.Build.0 = Release|Any CPU
		{4B60B80B-48AC-4628-90D4-35BE8D959988}.Debug|Any CPU.ActiveCfg = Debug|Any CPU
		{4B60B80B-48AC-4628-90D4-35BE8D959988}.Debug|Any CPU.Build.0 = Debug|Any CPU
		{4B60B80B-48AC-4628-90D4-35BE8D959988}.Release|Any CPU.ActiveCfg = Release|Any CPU
		{4B60B80B-48AC-4628-90D4-35BE8D959988}.Release|Any CPU.Build.0 = Release|Any CPU
		{9A9ECFF6-520C-4067-B946-1904D4A51550}.Debug|Any CPU.ActiveCfg = Debug|Any CPU
		{9A9ECFF6-520C-4067-B946-1904D4A51550}.Debug|Any CPU.Build.0 = Debug|Any CPU
		{9A9ECFF6-520C-4067-B946-1904D4A51550}.Release|Any CPU.ActiveCfg = Release|Any CPU
		{9A9ECFF6-520C-4067-B946-1904D4A51550}.Release|Any CPU.Build.0 = Release|Any CPU
		{234B46D6-9EA9-43A7-852C-C3F7124FBDE9}.Debug|Any CPU.ActiveCfg = Debug|Any CPU
		{234B46D6-9EA9-43A7-852C-C3F7124FBDE9}.Debug|Any CPU.Build.0 = Debug|Any CPU
		{234B46D6-9EA9-43A7-852C-C3F7124FBDE9}.Release|Any CPU.ActiveCfg = Release|Any CPU
		{234B46D6-9EA9-43A7-852C-C3F7124FBDE9}.Release|Any CPU.Build.0 = Release|Any CPU
	EndGlobalSection
	GlobalSection(NestedProjects) = preSolution
		{902AD1EA-9C2D-4555-869F-83E3C497EF7E} = {96119B5E-B5F0-400A-9580-B342EBE26212}
		{24497E6A-D6B1-4C80-ABFB-57FFAD5070C4} = {96119B5E-B5F0-400A-9580-B342EBE26212}
		{92065511-81A8-4C63-97EB-E075F59A1596} = {96119B5E-B5F0-400A-9580-B342EBE26212}
		{76B3D37E-E3DC-4F6D-B20D-D27DFBD716F7} = {96119B5E-B5F0-400A-9580-B342EBE26212}
		{3991BE77-2223-4CBA-B223-973CA49938F8} = {96119B5E-B5F0-400A-9580-B342EBE26212}
		{E98F470E-B517-4267-AC24-42813DFC8B29} = {96119B5E-B5F0-400A-9580-B342EBE26212}
		{6ED2C542-265E-464A-911C-D74476F75740} = {7A9E0EAE-9ABF-40F6-9DB9-8FB1243F4210}
		{00FF6FFE-7B23-4DD3-BC95-6908072F357E} = {7A9E0EAE-9ABF-40F6-9DB9-8FB1243F4210}
		{6850F1A0-FA56-4C43-A860-0F0BDAD6187D} = {7A9E0EAE-9ABF-40F6-9DB9-8FB1243F4210}
		{EFEB9600-F513-48AD-8F4B-D8994B9182CA} = {7A9E0EAE-9ABF-40F6-9DB9-8FB1243F4210}
		{9CF0B286-90B6-4A2E-BB93-CE17BA822757} = {7A9E0EAE-9ABF-40F6-9DB9-8FB1243F4210}
		{7A54DAF0-B8B9-47CE-AAC9-EF6719E83FB8} = {84D32C8B-9CCE-4925-9AEC-8F445C7A2E3D}
		{EE95E6D1-DCF1-49ED-ABC9-D1453786BD8F} = {84D32C8B-9CCE-4925-9AEC-8F445C7A2E3D}
		{22501896-B110-461D-A816-E4E6D0BFF97B} = {84D32C8B-9CCE-4925-9AEC-8F445C7A2E3D}
		{AE017A37-7EA6-409A-BDFF-956A0A2A31F6} = {84D32C8B-9CCE-4925-9AEC-8F445C7A2E3D}
		{712FCA00-FEAC-495B-85E4-ED2FCE2F43E7} = {96119B5E-B5F0-400A-9580-B342EBE26212}
		{356D46CF-6006-49FE-AD07-CFE212CA2BDC} = {D953D733-D154-4DF2-B2B9-30BF942E1B6B}
		{14C68A66-14A1-4DF3-B404-4B8FE23902A5} = {D953D733-D154-4DF2-B2B9-30BF942E1B6B}
		{BA2F4808-DB5C-4B3D-953C-0AA441AC2987} = {D953D733-D154-4DF2-B2B9-30BF942E1B6B}
		{E36A8B0E-38EB-4054-AFB9-FE8461FA9B56} = {BA2F4808-DB5C-4B3D-953C-0AA441AC2987}
		{F2D003CC-D471-4888-8224-F90B58A2A51F} = {BA2F4808-DB5C-4B3D-953C-0AA441AC2987}
		{0241A677-B90A-44C2-A3CF-5A6A40A4AF4E} = {BA2F4808-DB5C-4B3D-953C-0AA441AC2987}
		{BB2B1BF3-316E-46EC-AC48-634160E81149} = {BA2F4808-DB5C-4B3D-953C-0AA441AC2987}
		{806CCDA3-1322-4FD5-B986-563A5A1FD157} = {D953D733-D154-4DF2-B2B9-30BF942E1B6B}
		{18DD9E1E-DFF6-4BF6-A309-8532B7F301FB} = {D953D733-D154-4DF2-B2B9-30BF942E1B6B}
		{68B9476F-412C-44F5-86F1-3E9C06935C97} = {D953D733-D154-4DF2-B2B9-30BF942E1B6B}
		{9AA81B40-D973-49EB-8A95-8441707268C1} = {68B9476F-412C-44F5-86F1-3E9C06935C97}
		{386A2A1F-E923-40E4-9A4C-92391AE29502} = {68B9476F-412C-44F5-86F1-3E9C06935C97}
		{7C430B1E-880A-4E9B-A826-6BCBA9183C29} = {68B9476F-412C-44F5-86F1-3E9C06935C97}
		{4B9313DF-78B7-404D-ABBC-E980DBEC30F2} = {D953D733-D154-4DF2-B2B9-30BF942E1B6B}
		{6ACCD616-C165-4D92-A6E0-8070C26BC6C4} = {D953D733-D154-4DF2-B2B9-30BF942E1B6B}
		{3C152F85-B9BE-40E5-A4AF-EF03DC96DE17} = {D953D733-D154-4DF2-B2B9-30BF942E1B6B}
		{3C401613-DFD3-4EF7-A085-150F16727FD4} = {3C152F85-B9BE-40E5-A4AF-EF03DC96DE17}
		{E202C1F9-34A2-4778-9943-FAC44868DDC2} = {3C152F85-B9BE-40E5-A4AF-EF03DC96DE17}
		{AE8766B0-3168-4FBD-AAF6-E2DAF7F3D009} = {3C152F85-B9BE-40E5-A4AF-EF03DC96DE17}
		{77430826-FF01-4D14-A0B5-2B544872F252} = {D953D733-D154-4DF2-B2B9-30BF942E1B6B}
		{49A3EB4F-1488-4AC5-93FB-D259E4A5326D} = {77430826-FF01-4D14-A0B5-2B544872F252}
		{32122415-00BB-4513-A30E-648FA5AC1C2E} = {77430826-FF01-4D14-A0B5-2B544872F252}
		{5252E59E-B919-4DB6-8ED6-8B5109C7BF50} = {D953D733-D154-4DF2-B2B9-30BF942E1B6B}
		{317567E6-9AEB-4ABD-80AA-55ADE710F01A} = {D953D733-D154-4DF2-B2B9-30BF942E1B6B}
		{233B7642-1172-4413-B297-9C3FBAB29BD9} = {D953D733-D154-4DF2-B2B9-30BF942E1B6B}
		{57DA3CBC-7337-4BE5-8737-DACD066EC043} = {D953D733-D154-4DF2-B2B9-30BF942E1B6B}
		{0676FAFE-9E98-4723-84D3-74450BB9BA21} = {96119B5E-B5F0-400A-9580-B342EBE26212}
		{8EB941B2-9265-44C5-B58C-C9C4B6ADD7CE} = {0676FAFE-9E98-4723-84D3-74450BB9BA21}
		{2D98B315-03F7-43E0-96FF-B45DA8CCBC84} = {0676FAFE-9E98-4723-84D3-74450BB9BA21}
		{FE227CDD-DCA9-4B28-9B4F-B809D0012E48} = {0676FAFE-9E98-4723-84D3-74450BB9BA21}
		{4BE7FE28-5764-43EE-9D7B-6D53A9B58F53} = {0676FAFE-9E98-4723-84D3-74450BB9BA21}
		{3246F150-2653-4093-86E6-617D22F08A03} = {0676FAFE-9E98-4723-84D3-74450BB9BA21}
		{EFD8CCE3-BF02-4EA4-8859-DF02692E08C8} = {7A9E0EAE-9ABF-40F6-9DB9-8FB1243F4210}
		{A6CF0886-032C-4582-9DAD-40C9F2681DFB} = {96119B5E-B5F0-400A-9580-B342EBE26212}
		{3D535F13-5F10-46B1-B68C-A37E6DBA8A9B} = {D953D733-D154-4DF2-B2B9-30BF942E1B6B}
		{FAE406FB-6755-49D7-B880-DEFFB8F4085F} = {84D32C8B-9CCE-4925-9AEC-8F445C7A2E3D}
		{E22BB128-9450-481A-A97F-5F9405CB3099} = {84D32C8B-9CCE-4925-9AEC-8F445C7A2E3D}
		{E1CFBB86-8460-4484-98DF-E0697F4E97A9} = {D953D733-D154-4DF2-B2B9-30BF942E1B6B}
		{18037260-9C37-43B6-B8A3-5EB1862FBD66} = {84D32C8B-9CCE-4925-9AEC-8F445C7A2E3D}
		{2CDCE5CD-3087-48FA-89EA-AEC0CF039A99} = {84D32C8B-9CCE-4925-9AEC-8F445C7A2E3D}
		{52CB21E0-7A22-46EA-B334-5B9DE82A4453} = {84D32C8B-9CCE-4925-9AEC-8F445C7A2E3D}
		{51CE015A-ACEC-48F9-8B6D-CBF5EBA58020} = {84D32C8B-9CCE-4925-9AEC-8F445C7A2E3D}
		{2348222B-ECFA-46EB-9956-E6500C1B7AF0} = {F429686D-BB41-4E1C-A84E-518F8A289AEF}
		{13882AAB-B2EC-48E0-8D11-20810DDB7516} = {F429686D-BB41-4E1C-A84E-518F8A289AEF}
		{1FC63454-ADB1-48A8-8B2C-3635AAE97126} = {D953D733-D154-4DF2-B2B9-30BF942E1B6B}
		{4819C739-6312-4DA5-8C30-CD3313F3B49B} = {1FC63454-ADB1-48A8-8B2C-3635AAE97126}
		{53B3D48F-D6CE-4292-856F-AB369844FF4C} = {1FC63454-ADB1-48A8-8B2C-3635AAE97126}
		{D7E65E36-A803-4240-A049-659BC93627F3} = {D953D733-D154-4DF2-B2B9-30BF942E1B6B}
		{CF735D62-B33E-4E3D-9045-43850531F867} = {D7E65E36-A803-4240-A049-659BC93627F3}
		{055A5C37-ECAA-4111-9AB9-FC7C85B86222} = {D7E65E36-A803-4240-A049-659BC93627F3}
		{469A2C91-64B4-439B-9097-05499770FFB3} = {F429686D-BB41-4E1C-A84E-518F8A289AEF}
		{A2A46E0F-EAE5-45E5-B17B-0EEB554B1049} = {F429686D-BB41-4E1C-A84E-518F8A289AEF}
		{4DF54E7E-3BC2-4B16-9296-C2E198EF1E09} = {4B0BC1E5-17F9-4DD0-AC93-DDC522E1BE3C}
		{77323165-5363-4FFD-B00C-9385DDE3DCB4} = {4B0BC1E5-17F9-4DD0-AC93-DDC522E1BE3C}
		{4B60B80B-48AC-4628-90D4-35BE8D959988} = {4B0BC1E5-17F9-4DD0-AC93-DDC522E1BE3C}
		{52628041-CDDB-48AE-B8A7-007D4563CFEC} = {D953D733-D154-4DF2-B2B9-30BF942E1B6B}
		{9A9ECFF6-520C-4067-B946-1904D4A51550} = {52628041-CDDB-48AE-B8A7-007D4563CFEC}
		{234B46D6-9EA9-43A7-852C-C3F7124FBDE9} = {52628041-CDDB-48AE-B8A7-007D4563CFEC}
	EndGlobalSection
EndGlobal
