
Microsoft Visual Studio Solution File, Format Version 12.00
# Visual Studio Version 16
VisualStudioVersion = 16.0.30114.105
MinimumVisualStudioVersion = 10.0.40219.1
Project("{FAE04EC0-301F-11D3-BF4B-00C04F79EFBC}") = "Wolverine", "src\Wolverine\Wolverine.csproj", "{C61E1BA2-5C3A-4319-9212-F0CA1514A205}"
EndProject
Project("{2150E333-8FDC-42A3-9474-1A3956D46DE8}") = "Testing", "Testing", "{96119B5E-B5F0-400A-9580-B342EBE26212}"
EndProject
Project("{FAE04EC0-301F-11D3-BF4B-00C04F79EFBC}") = "Wolverine.ComplianceTests", "src\Testing\Wolverine.ComplianceTests\Wolverine.ComplianceTests.csproj", "{24497E6A-D6B1-4C80-ABFB-57FFAD5070C4}"
EndProject
Project("{FAE04EC0-301F-11D3-BF4B-00C04F79EFBC}") = "CoreTests", "src\Testing\CoreTests\CoreTests.csproj", "{76B3D37E-E3DC-4F6D-B20D-D27DFBD716F7}"
EndProject
Project("{FAE04EC0-301F-11D3-BF4B-00C04F79EFBC}") = "OrderExtension", "src\Testing\OrderExtension\OrderExtension.csproj", "{3991BE77-2223-4CBA-B223-973CA49938F8}"
EndProject
Project("{2150E333-8FDC-42A3-9474-1A3956D46DE8}") = "Persistence", "Persistence", "{7A9E0EAE-9ABF-40F6-9DB9-8FB1243F4210}"
EndProject
Project("{FAE04EC0-301F-11D3-BF4B-00C04F79EFBC}") = "Wolverine.RDBMS", "src\Persistence\Wolverine.RDBMS\Wolverine.RDBMS.csproj", "{6ED2C542-265E-464A-911C-D74476F75740}"
EndProject
Project("{FAE04EC0-301F-11D3-BF4B-00C04F79EFBC}") = "Wolverine.Marten", "src\Persistence\Wolverine.Marten\Wolverine.Marten.csproj", "{00FF6FFE-7B23-4DD3-BC95-6908072F357E}"
EndProject
Project("{FAE04EC0-301F-11D3-BF4B-00C04F79EFBC}") = "Wolverine.Postgresql", "src\Persistence\Wolverine.Postgresql\Wolverine.Postgresql.csproj", "{6850F1A0-FA56-4C43-A860-0F0BDAD6187D}"
EndProject
Project("{FAE04EC0-301F-11D3-BF4B-00C04F79EFBC}") = "Wolverine.SqlServer", "src\Persistence\Wolverine.SqlServer\Wolverine.SqlServer.csproj", "{EFEB9600-F513-48AD-8F4B-D8994B9182CA}"
EndProject
Project("{FAE04EC0-301F-11D3-BF4B-00C04F79EFBC}") = "PersistenceTests", "src\Persistence\PersistenceTests\PersistenceTests.csproj", "{9CF0B286-90B6-4A2E-BB93-CE17BA822757}"
EndProject
Project("{2150E333-8FDC-42A3-9474-1A3956D46DE8}") = "Transports", "Transports", "{84D32C8B-9CCE-4925-9AEC-8F445C7A2E3D}"
EndProject
Project("{2150E333-8FDC-42A3-9474-1A3956D46DE8}") = "Samples", "Samples", "{D953D733-D154-4DF2-B2B9-30BF942E1B6B}"
EndProject
Project("{FAE04EC0-301F-11D3-BF4B-00C04F79EFBC}") = "Module1", "src\Testing\Module1\Module1.csproj", "{712FCA00-FEAC-495B-85E4-ED2FCE2F43E7}"
EndProject
Project("{FAE04EC0-301F-11D3-BF4B-00C04F79EFBC}") = "CommandBus", "src\Samples\CommandBus\CommandBus.csproj", "{356D46CF-6006-49FE-AD07-CFE212CA2BDC}"
EndProject
Project("{2150E333-8FDC-42A3-9474-1A3956D46DE8}") = "CQRSWithMarten", "CQRSWithMarten", "{BA2F4808-DB5C-4B3D-953C-0AA441AC2987}"
EndProject
Project("{FAE04EC0-301F-11D3-BF4B-00C04F79EFBC}") = "TeleHealth.Backend", "src\Samples\CQRSWithMarten\TeleHealth.Backend\TeleHealth.Backend.csproj", "{E36A8B0E-38EB-4054-AFB9-FE8461FA9B56}"
EndProject
Project("{FAE04EC0-301F-11D3-BF4B-00C04F79EFBC}") = "TeleHealth.Common", "src\Samples\CQRSWithMarten\TeleHealth.Common\TeleHealth.Common.csproj", "{F2D003CC-D471-4888-8224-F90B58A2A51F}"
EndProject
Project("{FAE04EC0-301F-11D3-BF4B-00C04F79EFBC}") = "TeleHealth.Tests", "src\Samples\CQRSWithMarten\TeleHealth.Tests\TeleHealth.Tests.csproj", "{0241A677-B90A-44C2-A3CF-5A6A40A4AF4E}"
EndProject
Project("{FAE04EC0-301F-11D3-BF4B-00C04F79EFBC}") = "TeleHealth.WebApi", "src\Samples\CQRSWithMarten\TeleHealth.WebApi\TeleHealth.WebApi.csproj", "{BB2B1BF3-316E-46EC-AC48-634160E81149}"
EndProject
Project("{FAE04EC0-301F-11D3-BF4B-00C04F79EFBC}") = "DocumentationSamples", "src\Samples\DocumentationSamples\DocumentationSamples.csproj", "{806CCDA3-1322-4FD5-B986-563A5A1FD157}"
EndProject
Project("{FAE04EC0-301F-11D3-BF4B-00C04F79EFBC}") = "InMemoryMediator", "src\Samples\InMemoryMediator\InMemoryMediator.csproj", "{18DD9E1E-DFF6-4BF6-A309-8532B7F301FB}"
EndProject
Project("{2150E333-8FDC-42A3-9474-1A3956D46DE8}") = "KitchenSink", "KitchenSink", "{68B9476F-412C-44F5-86F1-3E9C06935C97}"
EndProject
Project("{FAE04EC0-301F-11D3-BF4B-00C04F79EFBC}") = "MartenAndRabbitEmailService", "src\Samples\KitchenSink\MartenAndRabbitEmailService\MartenAndRabbitEmailService.csproj", "{9AA81B40-D973-49EB-8A95-8441707268C1}"
EndProject
Project("{FAE04EC0-301F-11D3-BF4B-00C04F79EFBC}") = "MartenAndRabbitIssueService", "src\Samples\KitchenSink\MartenAndRabbitIssueService\MartenAndRabbitIssueService.csproj", "{386A2A1F-E923-40E4-9A4C-92391AE29502}"
EndProject
Project("{FAE04EC0-301F-11D3-BF4B-00C04F79EFBC}") = "MartenAndRabbitMessages", "src\Samples\KitchenSink\MartenAndRabbitMessages\MartenAndRabbitMessages.csproj", "{7C430B1E-880A-4E9B-A826-6BCBA9183C29}"
EndProject
Project("{FAE04EC0-301F-11D3-BF4B-00C04F79EFBC}") = "OrderSagaSample", "src\Samples\OrderSagaSample\OrderSagaSample.csproj", "{6ACCD616-C165-4D92-A6E0-8070C26BC6C4}"
EndProject
Project("{2150E333-8FDC-42A3-9474-1A3956D46DE8}") = "PingPong", "PingPong", "{3C152F85-B9BE-40E5-A4AF-EF03DC96DE17}"
EndProject
Project("{FAE04EC0-301F-11D3-BF4B-00C04F79EFBC}") = "Messages", "src\Samples\PingPong\Messages\Messages.csproj", "{3C401613-DFD3-4EF7-A085-150F16727FD4}"
EndProject
Project("{FAE04EC0-301F-11D3-BF4B-00C04F79EFBC}") = "Pinger", "src\Samples\PingPong\Pinger\Pinger.csproj", "{E202C1F9-34A2-4778-9943-FAC44868DDC2}"
EndProject
Project("{FAE04EC0-301F-11D3-BF4B-00C04F79EFBC}") = "Ponger", "src\Samples\PingPong\Ponger\Ponger.csproj", "{AE8766B0-3168-4FBD-AAF6-E2DAF7F3D009}"
EndProject
Project("{2150E333-8FDC-42A3-9474-1A3956D46DE8}") = "PingPongWithRabbitMq", "PingPongWithRabbitMq", "{77430826-FF01-4D14-A0B5-2B544872F252}"
EndProject
Project("{FAE04EC0-301F-11D3-BF4B-00C04F79EFBC}") = "Pinger", "src\Samples\PingPongWithRabbitMq\Pinger\Pinger.csproj", "{49A3EB4F-1488-4AC5-93FB-D259E4A5326D}"
EndProject
Project("{FAE04EC0-301F-11D3-BF4B-00C04F79EFBC}") = "Ponger", "src\Samples\PingPongWithRabbitMq\Ponger\Ponger.csproj", "{32122415-00BB-4513-A30E-648FA5AC1C2E}"
EndProject
Project("{FAE04EC0-301F-11D3-BF4B-00C04F79EFBC}") = "Quickstart", "src\Samples\Quickstart\Quickstart.csproj", "{317567E6-9AEB-4ABD-80AA-55ADE710F01A}"
EndProject
Project("{FAE04EC0-301F-11D3-BF4B-00C04F79EFBC}") = "WebApiWithMarten", "src\Samples\WebApiWithMarten\WebApiWithMarten.csproj", "{57DA3CBC-7337-4BE5-8737-DACD066EC043}"
EndProject
Project("{FAE04EC0-301F-11D3-BF4B-00C04F79EFBC}") = "Wolverine.EntityFrameworkCore", "src\Persistence\Wolverine.EntityFrameworkCore\Wolverine.EntityFrameworkCore.csproj", "{EFD8CCE3-BF02-4EA4-8859-DF02692E08C8}"
EndProject
Project("{FAE04EC0-301F-11D3-BF4B-00C04F79EFBC}") = "OptimizedArtifactWorkflowSample", "src\Samples\OptimizedArtifactWorkflowSample\OptimizedArtifactWorkflowSample.csproj", "{3D535F13-5F10-46B1-B68C-A37E6DBA8A9B}"
EndProject
Project("{2150E333-8FDC-42A3-9474-1A3956D46DE8}") = "Extensions", "Extensions", "{F429686D-BB41-4E1C-A84E-518F8A289AEF}"
EndProject
Project("{FAE04EC0-301F-11D3-BF4B-00C04F79EFBC}") = "Wolverine.FluentValidation", "src\Extensions\Wolverine.FluentValidation\Wolverine.FluentValidation.csproj", "{2348222B-ECFA-46EB-9956-E6500C1B7AF0}"
EndProject
Project("{FAE04EC0-301F-11D3-BF4B-00C04F79EFBC}") = "Wolverine.FluentValidation.Tests", "src\Extensions\Wolverine.FluentValidation.Tests\Wolverine.FluentValidation.Tests.csproj", "{13882AAB-B2EC-48E0-8D11-20810DDB7516}"
EndProject
Project("{2150E333-8FDC-42A3-9474-1A3956D46DE8}") = "Middleware", "Middleware", "{1FC63454-ADB1-48A8-8B2C-3635AAE97126}"
EndProject
Project("{FAE04EC0-301F-11D3-BF4B-00C04F79EFBC}") = "AppWithMiddleware", "src\Samples\Middleware\AppWithMiddleware\AppWithMiddleware.csproj", "{4819C739-6312-4DA5-8C30-CD3313F3B49B}"
EndProject
Project("{FAE04EC0-301F-11D3-BF4B-00C04F79EFBC}") = "AppWithMiddleware.Tests", "src\Samples\Middleware\AppWithMiddleware.Tests\AppWithMiddleware.Tests.csproj", "{53B3D48F-D6CE-4292-856F-AB369844FF4C}"
EndProject
Project("{2150E333-8FDC-42A3-9474-1A3956D46DE8}") = ".SolutionItems", ".SolutionItems", "{51B05E49-D96B-45BB-AA24-C3F37C143727}"
	ProjectSection(SolutionItems) = preProject
		Directory.Build.props = Directory.Build.props
		Analysis.Build.props = Analysis.Build.props
		global.json = global.json
		mdsnippets.json = mdsnippets.json
		README.md = README.md
		docker-compose.yml = docker-compose.yml
		.github\workflows\publish_nugets.yml = .github\workflows\publish_nugets.yml
		.github\workflows\dotnet.yml = .github\workflows\dotnet.yml
		.github\workflows\docs.yml = .github\workflows\docs.yml
		package.json = package.json
	EndProjectSection
EndProject
Project("{FAE04EC0-301F-11D3-BF4B-00C04F79EFBC}") = "Wolverine.MemoryPack", "src\Extensions\Wolverine.MemoryPack\Wolverine.MemoryPack.csproj", "{469A2C91-64B4-439B-9097-05499770FFB3}"
EndProject
Project("{FAE04EC0-301F-11D3-BF4B-00C04F79EFBC}") = "Wolverine.MemoryPack.Tests", "src\Extensions\Wolverine.MemoryPack.Tests\Wolverine.MemoryPack.Tests.csproj", "{A2A46E0F-EAE5-45E5-B17B-0EEB554B1049}"
EndProject
Project("{2150E333-8FDC-42A3-9474-1A3956D46DE8}") = "EFCoreSample", "EFCoreSample", "{D7E65E36-A803-4240-A049-659BC93627F3}"
EndProject
Project("{FAE04EC0-301F-11D3-BF4B-00C04F79EFBC}") = "ItemService", "src\Samples\EFCoreSample\ItemService\ItemService.csproj", "{CF735D62-B33E-4E3D-9045-43850531F867}"
EndProject
Project("{FAE04EC0-301F-11D3-BF4B-00C04F79EFBC}") = "ItemService.Tests", "src\Samples\EFCoreSample\ItemService.Tests\ItemService.Tests.csproj", "{055A5C37-ECAA-4111-9AB9-FC7C85B86222}"
EndProject
Project("{2150E333-8FDC-42A3-9474-1A3956D46DE8}") = "Http", "Http", "{4B0BC1E5-17F9-4DD0-AC93-DDC522E1BE3C}"
EndProject
Project("{FAE04EC0-301F-11D3-BF4B-00C04F79EFBC}") = "Wolverine.Http", "src\Http\Wolverine.Http\Wolverine.Http.csproj", "{4DF54E7E-3BC2-4B16-9296-C2E198EF1E09}"
EndProject
Project("{FAE04EC0-301F-11D3-BF4B-00C04F79EFBC}") = "Wolverine.Http.Tests", "src\Http\Wolverine.Http.Tests\Wolverine.Http.Tests.csproj", "{77323165-5363-4FFD-B00C-9385DDE3DCB4}"
EndProject
Project("{FAE04EC0-301F-11D3-BF4B-00C04F79EFBC}") = "WolverineWebApi", "src\Http\WolverineWebApi\WolverineWebApi.csproj", "{4B60B80B-48AC-4628-90D4-35BE8D959988}"
EndProject
Project("{2150E333-8FDC-42A3-9474-1A3956D46DE8}") = "TodoWebService", "TodoWebService", "{52628041-CDDB-48AE-B8A7-007D4563CFEC}"
EndProject
Project("{FAE04EC0-301F-11D3-BF4B-00C04F79EFBC}") = "TodoWebService", "src\Samples\TodoWebService\TodoWebService\TodoWebService.csproj", "{9A9ECFF6-520C-4067-B946-1904D4A51550}"
EndProject
Project("{FAE04EC0-301F-11D3-BF4B-00C04F79EFBC}") = "TodoWebServiceTests", "src\Samples\TodoWebService\TodoWebServiceTests\TodoWebServiceTests.csproj", "{234B46D6-9EA9-43A7-852C-C3F7124FBDE9}"
EndProject
Project("{FAE04EC0-301F-11D3-BF4B-00C04F79EFBC}") = "Module2", "src\Testing\Module2\Module2.csproj", "{8E9DF445-9191-4CF7-B606-248229F3CB23}"
EndProject
Project("{2150E333-8FDC-42A3-9474-1A3956D46DE8}") = "Diagnostics", "Diagnostics", "{DCF93293-FDC0-4483-9281-BFD5BD7B125C}"
EndProject
Project("{FAE04EC0-301F-11D3-BF4B-00C04F79EFBC}") = "DiagnosticsApp", "src\Samples\Diagnostics\DiagnosticsApp\DiagnosticsApp.csproj", "{47FF7E31-4AA1-48C1-B90C-916C42623629}"
EndProject
Project("{FAE04EC0-301F-11D3-BF4B-00C04F79EFBC}") = "DiagnosticsTests", "src\Samples\Diagnostics\DiagnosticsTests\DiagnosticsTests.csproj", "{73BAE655-BFE7-458F-B96E-E9FC054ADBA5}"
EndProject
Project("{FAE04EC0-301F-11D3-BF4B-00C04F79EFBC}") = "DiagnosticsModule", "src\Samples\Diagnostics\DiagnosticsModule\DiagnosticsModule.csproj", "{D70EF204-4913-4007-9929-5EB49E2F578A}"
EndProject
Project("{2150E333-8FDC-42A3-9474-1A3956D46DE8}") = "TestHarness", "TestHarness", "{29803A34-9F89-456D-AD67-C80CF43A5E7E}"
EndProject
Project("{FAE04EC0-301F-11D3-BF4B-00C04F79EFBC}") = "BankingService", "src\Samples\TestHarness\BankingService\BankingService.csproj", "{5B541CD6-7982-4BE3-9999-E950E0A73F10}"
EndProject
Project("{FAE04EC0-301F-11D3-BF4B-00C04F79EFBC}") = "BankingService.Tests", "src\Samples\TestHarness\BankingService.Tests\BankingService.Tests.csproj", "{07EC869F-89F4-4277-94FC-6CFFA391FF63}"
EndProject
Project("{FAE04EC0-301F-11D3-BF4B-00C04F79EFBC}") = "Wolverine.Http.FluentValidation", "src\Http\Wolverine.Http.FluentValidation\Wolverine.Http.FluentValidation.csproj", "{02FAB18B-BD65-4F93-9B76-BCE0A8111FB8}"
EndProject
Project("{FAE04EC0-301F-11D3-BF4B-00C04F79EFBC}") = "SlowTests", "src\Testing\SlowTests\SlowTests.csproj", "{0817E7C3-A97D-4513-8B97-7317364D3C41}"
EndProject
Project("{FAE04EC0-301F-11D3-BF4B-00C04F79EFBC}") = "Wolverine.MessagePack", "src\Extensions\Wolverine.MessagePack\Wolverine.MessagePack.csproj", "{1F8B20E2-6863-43F3-BD01-56F0B1054A90}"
EndProject
Project("{FAE04EC0-301F-11D3-BF4B-00C04F79EFBC}") = "Wolverine.MessagePack.Tests", "src\Extensions\Wolverine.MessagePack.Tests\Wolverine.MessagePack.Tests.csproj", "{6575C65A-D859-4179-8EF0-ED03D1CDAAF0}"
EndProject
Project("{FAE04EC0-301F-11D3-BF4B-00C04F79EFBC}") = "PolicyTests", "src\Testing\PolicyTests\PolicyTests.csproj", "{8A59EF24-A6A1-4D8C-89DA-2C33AC16B3B8}"
EndProject
Project("{2150E333-8FDC-42A3-9474-1A3956D46DE8}") = "RabbitMQ", "RabbitMQ", "{FFA5D61B-D6F7-4113-9B59-21C261DA919F}"
EndProject
Project("{FAE04EC0-301F-11D3-BF4B-00C04F79EFBC}") = "Wolverine.RabbitMQ", "src\Transports\RabbitMQ\Wolverine.RabbitMQ\Wolverine.RabbitMQ.csproj", "{42769A54-BE7F-4093-BE96-6E3322C83E98}"
EndProject
Project("{FAE04EC0-301F-11D3-BF4B-00C04F79EFBC}") = "Wolverine.RabbitMQ.Tests", "src\Transports\RabbitMQ\Wolverine.RabbitMQ.Tests\Wolverine.RabbitMQ.Tests.csproj", "{ED818FA4-1012-4C62-BC2B-0AEE3986425D}"
EndProject
Project("{FAE04EC0-301F-11D3-BF4B-00C04F79EFBC}") = "MassTransitRabbitMqService", "src\Transports\RabbitMQ\MassTransitRabbitMqService\MassTransitRabbitMqService.csproj", "{78176781-2678-4A64-9EB9-1697B36F8479}"
EndProject
Project("{FAE04EC0-301F-11D3-BF4B-00C04F79EFBC}") = "NServiceBusRabbitMqService", "src\Transports\RabbitMQ\NServiceBusRabbitMqService\NServiceBusRabbitMqService.csproj", "{D312DE3D-4CAD-4EA4-8DCD-70A8291F6992}"
EndProject
Project("{FAE04EC0-301F-11D3-BF4B-00C04F79EFBC}") = "ChaosTesting", "src\Transports\RabbitMQ\ChaosTesting\ChaosTesting.csproj", "{F021E1B6-81C7-4C18-9051-BF91948CEC31}"
EndProject
Project("{FAE04EC0-301F-11D3-BF4B-00C04F79EFBC}") = "CircuitBreakingTests", "src\Transports\RabbitMQ\CircuitBreakingTests\CircuitBreakingTests.csproj", "{BF377A3C-105C-492A-AA76-D6ABB097EC82}"
EndProject
Project("{FAE04EC0-301F-11D3-BF4B-00C04F79EFBC}") = "InteropTests", "src\Transports\RabbitMQ\InteropTests\InteropTests.csproj", "{894D694A-410F-4FE1-80D2-D8B3F06ABA69}"
EndProject
Project("{2150E333-8FDC-42A3-9474-1A3956D46DE8}") = "Pulsar", "Pulsar", "{2ED4563B-740C-4102-8E4C-F4B047104229}"
EndProject
Project("{FAE04EC0-301F-11D3-BF4B-00C04F79EFBC}") = "Wolverine.Pulsar", "src\Transports\Pulsar\Wolverine.Pulsar\Wolverine.Pulsar.csproj", "{2363437A-1965-4316-8D33-79EA6E4D86A9}"
EndProject
Project("{FAE04EC0-301F-11D3-BF4B-00C04F79EFBC}") = "Wolverine.Pulsar.Tests", "src\Transports\Pulsar\Wolverine.Pulsar.Tests\Wolverine.Pulsar.Tests.csproj", "{7AABB5FF-A93E-468F-A7F8-D16B876589BD}"
EndProject
Project("{2150E333-8FDC-42A3-9474-1A3956D46DE8}") = "AWS", "AWS", "{ABE5F332-6709-4EDF-B88A-39DB96542B18}"
EndProject
Project("{FAE04EC0-301F-11D3-BF4B-00C04F79EFBC}") = "Wolverine.AmazonSqs", "src\Transports\AWS\Wolverine.AmazonSqs\Wolverine.AmazonSqs.csproj", "{76BD802A-74DE-4E27-AF3F-34173D1CFF62}"
EndProject
Project("{FAE04EC0-301F-11D3-BF4B-00C04F79EFBC}") = "Wolverine.AmazonSqs.Tests", "src\Transports\AWS\Wolverine.AmazonSqs.Tests\Wolverine.AmazonSqs.Tests.csproj", "{56C404E9-9B7F-424C-AC47-7B67366DE2CF}"
EndProject
Project("{2150E333-8FDC-42A3-9474-1A3956D46DE8}") = "Azure", "Azure", "{9877471A-3D66-4279-8C57-FCA6CACF4C48}"
EndProject
Project("{FAE04EC0-301F-11D3-BF4B-00C04F79EFBC}") = "Wolverine.AzureServiceBus", "src\Transports\Azure\Wolverine.AzureServiceBus\Wolverine.AzureServiceBus.csproj", "{1FD88857-4571-4DC4-80A9-F40E2CFAE274}"
EndProject
Project("{FAE04EC0-301F-11D3-BF4B-00C04F79EFBC}") = "Wolverine.AzureServiceBus.Tests", "src\Transports\Azure\Wolverine.AzureServiceBus.Tests\Wolverine.AzureServiceBus.Tests.csproj", "{723E0112-1BCC-4FCF-A5C9-D61C381771AC}"
EndProject
Project("{FAE04EC0-301F-11D3-BF4B-00C04F79EFBC}") = "RabbitMqBootstrapping", "src\Transports\RabbitMQ\RabbitMqBootstrapping\RabbitMqBootstrapping.csproj", "{83743B8A-E4DF-4DCE-81C5-7708F342A18A}"
EndProject
Project("{FAE04EC0-301F-11D3-BF4B-00C04F79EFBC}") = "OrderEventSourcingSample", "src\Persistence\OrderEventSourcingSample\OrderEventSourcingSample.csproj", "{97EB688E-12A7-4273-9893-131670E49A33}"
EndProject
Project("{FAE04EC0-301F-11D3-BF4B-00C04F79EFBC}") = "ConsoleApp", "src\Testing\ConsoleApp\ConsoleApp.csproj", "{A71F5DC1-8EC9-4C79-951C-7F374961C2F7}"
EndProject
Project("{2150E333-8FDC-42A3-9474-1A3956D46DE8}") = "MultiTenantedTodoService", "MultiTenantedTodoService", "{E426CBC2-E4AE-49B2-840E-14D54442FDAC}"
EndProject
Project("{FAE04EC0-301F-11D3-BF4B-00C04F79EFBC}") = "MultiTenantedTodoWebService", "src\Samples\MultiTenantedTodoService\MultiTenantedTodoService\MultiTenantedTodoWebService.csproj", "{9B6BD2ED-B58D-4557-B54C-EAB0268862FB}"
EndProject
Project("{FAE04EC0-301F-11D3-BF4B-00C04F79EFBC}") = "MultiTenantedTodoWebService.Tests", "src\Samples\MultiTenantedTodoService\MultiTenantedTodoWebService.Tests\MultiTenantedTodoWebService.Tests.csproj", "{A4F1E33D-DA47-476A-B628-2CB8E775819E}"
EndProject
Project("{FAE04EC0-301F-11D3-BF4B-00C04F79EFBC}") = "Wolverine.Http.Tests.DifferentAssembly", "src\Http\Wolverine.Http.Tests.DifferentAssembly\Wolverine.Http.Tests.DifferentAssembly.csproj", "{5F51ACE8-6DFC-40CF-91C9-9CD96F77971F}"
EndProject
Project("{2150E333-8FDC-42A3-9474-1A3956D46DE8}") = "Kafka", "Kafka", "{63E9B289-95E8-4F2B-A064-156971A6853C}"
EndProject
Project("{2150E333-8FDC-42A3-9474-1A3956D46DE8}") = "MQTT", "MQTT", "{F8DCB579-56BE-49D2-9A9B-BEAA0C457A8B}"
EndProject
Project("{FAE04EC0-301F-11D3-BF4B-00C04F79EFBC}") = "Wolverine.Kafka", "src\Transports\Kafka\Wolverine.Kafka\Wolverine.Kafka.csproj", "{CB7C26B1-A8B5-4B66-BB81-40E59918A6ED}"
EndProject
Project("{FAE04EC0-301F-11D3-BF4B-00C04F79EFBC}") = "Wolverine.Kafka.Tests", "src\Transports\Kafka\Wolverine.Kafka.Tests\Wolverine.Kafka.Tests.csproj", "{7040CD14-EF4B-40B4-B702-0D59D1F3AEE5}"
EndProject
Project("{FAE04EC0-301F-11D3-BF4B-00C04F79EFBC}") = "Wolverine.MQTT", "src\Transports\MQTT\Wolverine.MQTT\Wolverine.MQTT.csproj", "{92A1F3D3-1AF1-4112-B956-38E8DB1B345B}"
EndProject
Project("{FAE04EC0-301F-11D3-BF4B-00C04F79EFBC}") = "Wolverine.MQTT.Tests", "src\Transports\MQTT\Wolverine.MQTT.Tests\Wolverine.MQTT.Tests.csproj", "{F0F8EA19-0AB7-4D23-944A-59DA514B20D0}"
EndProject
Project("{FAE04EC0-301F-11D3-BF4B-00C04F79EFBC}") = "Wolverine.AdminApi", "src\Http\Wolverine.AdminApi\Wolverine.AdminApi.csproj", "{9A3741FD-C0EF-4275-8CB0-77D6EB407E88}"
EndProject
Project("{FAE04EC0-301F-11D3-BF4B-00C04F79EFBC}") = "ChaosSender", "src\Samples\ChaosSender\ChaosSender.csproj", "{6F6FB8FC-564C-4B04-B254-EB53A7E4562F}"
EndProject
Project("{FAE04EC0-301F-11D3-BF4B-00C04F79EFBC}") = "Wolverine.Http.Marten", "src\Http\Wolverine.Http.Marten\Wolverine.Http.Marten.csproj", "{A484AD9E-04C7-4CF9-BB59-5C7DE772851C}"
EndProject
Project("{FAE04EC0-301F-11D3-BF4B-00C04F79EFBC}") = "OpenApiDemonstrator", "src\Http\OpenApiDemonstrator\OpenApiDemonstrator.csproj", "{4FA38CED-74C9-4969-83B2-6BD54F245E6C}"
EndProject
Project("{FAE04EC0-301F-11D3-BF4B-00C04F79EFBC}") = "NSwagDemonstrator", "src\Http\NSwagDemonstrator\NSwagDemonstrator.csproj", "{DC18FDD3-2AD9-43C9-B8CC-850457FE1A07}"
EndProject
Project("{FAE04EC0-301F-11D3-BF4B-00C04F79EFBC}") = "StaticCodeGenDemonstrator", "src\Http\StaticCodeGenDemonstrator\StaticCodeGenDemonstrator.csproj", "{C8E1C3C8-4BF7-4D93-9959-A4DAA3859A0D}"
EndProject
Project("{FAE04EC0-301F-11D3-BF4B-00C04F79EFBC}") = "EfCoreTests", "src\Persistence\EfCoreTests\EfCoreTests.csproj", "{229147BA-99A7-4761-BA5E-3E65277C9B8E}"
EndProject
Project("{FAE04EC0-301F-11D3-BF4B-00C04F79EFBC}") = "SqlServerTests", "src\Persistence\SqlServerTests\SqlServerTests.csproj", "{F3ECE3DC-153D-4F8A-AC48-2396F2B46ED7}"
EndProject
Project("{FAE04EC0-301F-11D3-BF4B-00C04F79EFBC}") = "MartenTests", "src\Persistence\MartenTests\MartenTests.csproj", "{D01C99ED-B735-4854-A07D-B55E506A1441}"
EndProject
Project("{FAE04EC0-301F-11D3-BF4B-00C04F79EFBC}") = "PostgresqlTests", "src\Persistence\PostgresqlTests\PostgresqlTests.csproj", "{4257ECCC-A172-4FC0-BE0D-A60FDE0C8A74}"
EndProject
Project("{FAE04EC0-301F-11D3-BF4B-00C04F79EFBC}") = "DuplicateMessageSending", "src\Persistence\DuplicateMessageSending\DuplicateMessageSending.csproj", "{1A34A78B-F6AB-41A9-8B90-384C6E1DBC63}"
EndProject
Project("{FAE04EC0-301F-11D3-BF4B-00C04F79EFBC}") = "Wolverine.RavenDb", "src\Persistence\Wolverine.RavenDb\Wolverine.RavenDb.csproj", "{AAFFC067-D110-45FF-9FA0-8E02F77D9D14}"
EndProject
Project("{FAE04EC0-301F-11D3-BF4B-00C04F79EFBC}") = "RavenDbTests", "src\Persistence\RavenDbTests\RavenDbTests.csproj", "{71B152DD-7A0B-4935-B8B1-1060E674D23D}"
EndProject
Project("{FAE04EC0-301F-11D3-BF4B-00C04F79EFBC}") = "BatchMessaging", "src\Transports\Kafka\BatchMessaging\BatchMessaging.csproj", "{B035801D-E786-4AAA-858A-0770D88116D6}"
EndProject
Project("{2150E333-8FDC-42A3-9474-1A3956D46DE8}") = "GCP", "GCP", "{0D320722-7CED-41C0-A914-11AC223320AA}"
EndProject
Project("{FAE04EC0-301F-11D3-BF4B-00C04F79EFBC}") = "Wolverine.Pubsub", "src\Transports\GCP\Wolverine.Pubsub\Wolverine.Pubsub.csproj", "{579CD7E7-216A-4A68-A338-663FC3D031B7}"
EndProject
Project("{FAE04EC0-301F-11D3-BF4B-00C04F79EFBC}") = "Wolverine.Pubsub.Tests", "src\Transports\GCP\Wolverine.Pubsub.Tests\Wolverine.Pubsub.Tests.csproj", "{619D927F-D1B3-4A40-8B6C-AD136D569FE1}"
EndProject
Project("{2150E333-8FDC-42A3-9474-1A3956D46DE8}") = "OrderManagement", "OrderManagement", "{76DEE39A-1F71-44BA-B352-B4C04695DCD8}"
EndProject
Project("{FAE04EC0-301F-11D3-BF4B-00C04F79EFBC}") = "Messages", "src\Samples\OrderManagement\Messages\Messages.csproj", "{6C8A5E7D-A2B1-438F-9F22-04CE68CA6984}"
EndProject
Project("{FAE04EC0-301F-11D3-BF4B-00C04F79EFBC}") = "Orders", "src\Samples\OrderManagement\Orders\Orders.csproj", "{33FFBE07-65B9-41A6-9CA8-09C3DB117982}"
EndProject
Project("{FAE04EC0-301F-11D3-BF4B-00C04F79EFBC}") = "RetailClient", "src\Samples\OrderManagement\RetailClient\RetailClient.csproj", "{BE809FBA-8425-456C-966B-185186FED41E}"
EndProject
Project("{FAE04EC0-301F-11D3-BF4B-00C04F79EFBC}") = "MessageRoutingTests", "src\Testing\MessageRoutingTests\MessageRoutingTests.csproj", "{FAB7B325-9F72-478E-8A0D-929A6E776130}"
EndProject
Project("{2150E333-8FDC-42A3-9474-1A3956D46DE8}") = "IncidentService", "IncidentService", "{5856D04A-079C-4C0B-ACFF-0C49F8C37E9F}"
EndProject
Project("{FAE04EC0-301F-11D3-BF4B-00C04F79EFBC}") = "IncidentService", "src\Samples\IncidentService\IncidentService\IncidentService.csproj", "{944FA4D5-E198-4DB4-8795-DC810709626C}"
EndProject
Project("{FAE04EC0-301F-11D3-BF4B-00C04F79EFBC}") = "IncidentService.Tests", "src\Samples\IncidentService\IncidentService.Tests\IncidentService.Tests.csproj", "{318BC03C-4D1A-4491-9E57-8F055C0109D3}"
EndProject
Global
	GlobalSection(SolutionConfigurationPlatforms) = preSolution
		Debug|Any CPU = Debug|Any CPU
		Release|Any CPU = Release|Any CPU
	EndGlobalSection
	GlobalSection(SolutionProperties) = preSolution
		HideSolutionNode = FALSE
	EndGlobalSection
	GlobalSection(ProjectConfigurationPlatforms) = postSolution
		{C61E1BA2-5C3A-4319-9212-F0CA1514A205}.Debug|Any CPU.ActiveCfg = Debug|Any CPU
		{C61E1BA2-5C3A-4319-9212-F0CA1514A205}.Debug|Any CPU.Build.0 = Debug|Any CPU
		{C61E1BA2-5C3A-4319-9212-F0CA1514A205}.Release|Any CPU.ActiveCfg = Release|Any CPU
		{C61E1BA2-5C3A-4319-9212-F0CA1514A205}.Release|Any CPU.Build.0 = Release|Any CPU
		{24497E6A-D6B1-4C80-ABFB-57FFAD5070C4}.Debug|Any CPU.ActiveCfg = Debug|Any CPU
		{24497E6A-D6B1-4C80-ABFB-57FFAD5070C4}.Debug|Any CPU.Build.0 = Debug|Any CPU
		{24497E6A-D6B1-4C80-ABFB-57FFAD5070C4}.Release|Any CPU.ActiveCfg = Release|Any CPU
		{24497E6A-D6B1-4C80-ABFB-57FFAD5070C4}.Release|Any CPU.Build.0 = Release|Any CPU
		{76B3D37E-E3DC-4F6D-B20D-D27DFBD716F7}.Debug|Any CPU.ActiveCfg = Debug|Any CPU
		{76B3D37E-E3DC-4F6D-B20D-D27DFBD716F7}.Debug|Any CPU.Build.0 = Debug|Any CPU
		{76B3D37E-E3DC-4F6D-B20D-D27DFBD716F7}.Release|Any CPU.ActiveCfg = Release|Any CPU
		{76B3D37E-E3DC-4F6D-B20D-D27DFBD716F7}.Release|Any CPU.Build.0 = Release|Any CPU
		{3991BE77-2223-4CBA-B223-973CA49938F8}.Debug|Any CPU.ActiveCfg = Debug|Any CPU
		{3991BE77-2223-4CBA-B223-973CA49938F8}.Debug|Any CPU.Build.0 = Debug|Any CPU
		{3991BE77-2223-4CBA-B223-973CA49938F8}.Release|Any CPU.ActiveCfg = Release|Any CPU
		{3991BE77-2223-4CBA-B223-973CA49938F8}.Release|Any CPU.Build.0 = Release|Any CPU
		{6ED2C542-265E-464A-911C-D74476F75740}.Debug|Any CPU.ActiveCfg = Debug|Any CPU
		{6ED2C542-265E-464A-911C-D74476F75740}.Debug|Any CPU.Build.0 = Debug|Any CPU
		{6ED2C542-265E-464A-911C-D74476F75740}.Release|Any CPU.ActiveCfg = Release|Any CPU
		{6ED2C542-265E-464A-911C-D74476F75740}.Release|Any CPU.Build.0 = Release|Any CPU
		{00FF6FFE-7B23-4DD3-BC95-6908072F357E}.Debug|Any CPU.ActiveCfg = Debug|Any CPU
		{00FF6FFE-7B23-4DD3-BC95-6908072F357E}.Debug|Any CPU.Build.0 = Debug|Any CPU
		{00FF6FFE-7B23-4DD3-BC95-6908072F357E}.Release|Any CPU.ActiveCfg = Release|Any CPU
		{00FF6FFE-7B23-4DD3-BC95-6908072F357E}.Release|Any CPU.Build.0 = Release|Any CPU
		{6850F1A0-FA56-4C43-A860-0F0BDAD6187D}.Debug|Any CPU.ActiveCfg = Debug|Any CPU
		{6850F1A0-FA56-4C43-A860-0F0BDAD6187D}.Debug|Any CPU.Build.0 = Debug|Any CPU
		{6850F1A0-FA56-4C43-A860-0F0BDAD6187D}.Release|Any CPU.ActiveCfg = Release|Any CPU
		{6850F1A0-FA56-4C43-A860-0F0BDAD6187D}.Release|Any CPU.Build.0 = Release|Any CPU
		{EFEB9600-F513-48AD-8F4B-D8994B9182CA}.Debug|Any CPU.ActiveCfg = Debug|Any CPU
		{EFEB9600-F513-48AD-8F4B-D8994B9182CA}.Debug|Any CPU.Build.0 = Debug|Any CPU
		{EFEB9600-F513-48AD-8F4B-D8994B9182CA}.Release|Any CPU.ActiveCfg = Release|Any CPU
		{EFEB9600-F513-48AD-8F4B-D8994B9182CA}.Release|Any CPU.Build.0 = Release|Any CPU
		{9CF0B286-90B6-4A2E-BB93-CE17BA822757}.Debug|Any CPU.ActiveCfg = Debug|Any CPU
		{9CF0B286-90B6-4A2E-BB93-CE17BA822757}.Debug|Any CPU.Build.0 = Debug|Any CPU
		{9CF0B286-90B6-4A2E-BB93-CE17BA822757}.Release|Any CPU.ActiveCfg = Release|Any CPU
		{9CF0B286-90B6-4A2E-BB93-CE17BA822757}.Release|Any CPU.Build.0 = Release|Any CPU
		{712FCA00-FEAC-495B-85E4-ED2FCE2F43E7}.Debug|Any CPU.ActiveCfg = Debug|Any CPU
		{712FCA00-FEAC-495B-85E4-ED2FCE2F43E7}.Debug|Any CPU.Build.0 = Debug|Any CPU
		{712FCA00-FEAC-495B-85E4-ED2FCE2F43E7}.Release|Any CPU.ActiveCfg = Release|Any CPU
		{712FCA00-FEAC-495B-85E4-ED2FCE2F43E7}.Release|Any CPU.Build.0 = Release|Any CPU
		{356D46CF-6006-49FE-AD07-CFE212CA2BDC}.Debug|Any CPU.ActiveCfg = Debug|Any CPU
		{356D46CF-6006-49FE-AD07-CFE212CA2BDC}.Debug|Any CPU.Build.0 = Debug|Any CPU
		{356D46CF-6006-49FE-AD07-CFE212CA2BDC}.Release|Any CPU.ActiveCfg = Release|Any CPU
		{356D46CF-6006-49FE-AD07-CFE212CA2BDC}.Release|Any CPU.Build.0 = Release|Any CPU
		{E36A8B0E-38EB-4054-AFB9-FE8461FA9B56}.Debug|Any CPU.ActiveCfg = Debug|Any CPU
		{E36A8B0E-38EB-4054-AFB9-FE8461FA9B56}.Debug|Any CPU.Build.0 = Debug|Any CPU
		{E36A8B0E-38EB-4054-AFB9-FE8461FA9B56}.Release|Any CPU.ActiveCfg = Release|Any CPU
		{E36A8B0E-38EB-4054-AFB9-FE8461FA9B56}.Release|Any CPU.Build.0 = Release|Any CPU
		{F2D003CC-D471-4888-8224-F90B58A2A51F}.Debug|Any CPU.ActiveCfg = Debug|Any CPU
		{F2D003CC-D471-4888-8224-F90B58A2A51F}.Debug|Any CPU.Build.0 = Debug|Any CPU
		{F2D003CC-D471-4888-8224-F90B58A2A51F}.Release|Any CPU.ActiveCfg = Release|Any CPU
		{F2D003CC-D471-4888-8224-F90B58A2A51F}.Release|Any CPU.Build.0 = Release|Any CPU
		{0241A677-B90A-44C2-A3CF-5A6A40A4AF4E}.Debug|Any CPU.ActiveCfg = Debug|Any CPU
		{0241A677-B90A-44C2-A3CF-5A6A40A4AF4E}.Debug|Any CPU.Build.0 = Debug|Any CPU
		{0241A677-B90A-44C2-A3CF-5A6A40A4AF4E}.Release|Any CPU.ActiveCfg = Release|Any CPU
		{0241A677-B90A-44C2-A3CF-5A6A40A4AF4E}.Release|Any CPU.Build.0 = Release|Any CPU
		{BB2B1BF3-316E-46EC-AC48-634160E81149}.Debug|Any CPU.ActiveCfg = Debug|Any CPU
		{BB2B1BF3-316E-46EC-AC48-634160E81149}.Debug|Any CPU.Build.0 = Debug|Any CPU
		{BB2B1BF3-316E-46EC-AC48-634160E81149}.Release|Any CPU.ActiveCfg = Release|Any CPU
		{BB2B1BF3-316E-46EC-AC48-634160E81149}.Release|Any CPU.Build.0 = Release|Any CPU
		{806CCDA3-1322-4FD5-B986-563A5A1FD157}.Debug|Any CPU.ActiveCfg = Debug|Any CPU
		{806CCDA3-1322-4FD5-B986-563A5A1FD157}.Debug|Any CPU.Build.0 = Debug|Any CPU
		{806CCDA3-1322-4FD5-B986-563A5A1FD157}.Release|Any CPU.ActiveCfg = Release|Any CPU
		{806CCDA3-1322-4FD5-B986-563A5A1FD157}.Release|Any CPU.Build.0 = Release|Any CPU
		{18DD9E1E-DFF6-4BF6-A309-8532B7F301FB}.Debug|Any CPU.ActiveCfg = Debug|Any CPU
		{18DD9E1E-DFF6-4BF6-A309-8532B7F301FB}.Debug|Any CPU.Build.0 = Debug|Any CPU
		{18DD9E1E-DFF6-4BF6-A309-8532B7F301FB}.Release|Any CPU.ActiveCfg = Release|Any CPU
		{18DD9E1E-DFF6-4BF6-A309-8532B7F301FB}.Release|Any CPU.Build.0 = Release|Any CPU
		{9AA81B40-D973-49EB-8A95-8441707268C1}.Debug|Any CPU.ActiveCfg = Debug|Any CPU
		{9AA81B40-D973-49EB-8A95-8441707268C1}.Debug|Any CPU.Build.0 = Debug|Any CPU
		{9AA81B40-D973-49EB-8A95-8441707268C1}.Release|Any CPU.ActiveCfg = Release|Any CPU
		{9AA81B40-D973-49EB-8A95-8441707268C1}.Release|Any CPU.Build.0 = Release|Any CPU
		{386A2A1F-E923-40E4-9A4C-92391AE29502}.Debug|Any CPU.ActiveCfg = Debug|Any CPU
		{386A2A1F-E923-40E4-9A4C-92391AE29502}.Debug|Any CPU.Build.0 = Debug|Any CPU
		{386A2A1F-E923-40E4-9A4C-92391AE29502}.Release|Any CPU.ActiveCfg = Release|Any CPU
		{386A2A1F-E923-40E4-9A4C-92391AE29502}.Release|Any CPU.Build.0 = Release|Any CPU
		{7C430B1E-880A-4E9B-A826-6BCBA9183C29}.Debug|Any CPU.ActiveCfg = Debug|Any CPU
		{7C430B1E-880A-4E9B-A826-6BCBA9183C29}.Debug|Any CPU.Build.0 = Debug|Any CPU
		{7C430B1E-880A-4E9B-A826-6BCBA9183C29}.Release|Any CPU.ActiveCfg = Release|Any CPU
		{7C430B1E-880A-4E9B-A826-6BCBA9183C29}.Release|Any CPU.Build.0 = Release|Any CPU
		{6ACCD616-C165-4D92-A6E0-8070C26BC6C4}.Debug|Any CPU.ActiveCfg = Debug|Any CPU
		{6ACCD616-C165-4D92-A6E0-8070C26BC6C4}.Debug|Any CPU.Build.0 = Debug|Any CPU
		{6ACCD616-C165-4D92-A6E0-8070C26BC6C4}.Release|Any CPU.ActiveCfg = Release|Any CPU
		{6ACCD616-C165-4D92-A6E0-8070C26BC6C4}.Release|Any CPU.Build.0 = Release|Any CPU
		{3C401613-DFD3-4EF7-A085-150F16727FD4}.Debug|Any CPU.ActiveCfg = Debug|Any CPU
		{3C401613-DFD3-4EF7-A085-150F16727FD4}.Debug|Any CPU.Build.0 = Debug|Any CPU
		{3C401613-DFD3-4EF7-A085-150F16727FD4}.Release|Any CPU.ActiveCfg = Release|Any CPU
		{3C401613-DFD3-4EF7-A085-150F16727FD4}.Release|Any CPU.Build.0 = Release|Any CPU
		{E202C1F9-34A2-4778-9943-FAC44868DDC2}.Debug|Any CPU.ActiveCfg = Debug|Any CPU
		{E202C1F9-34A2-4778-9943-FAC44868DDC2}.Debug|Any CPU.Build.0 = Debug|Any CPU
		{E202C1F9-34A2-4778-9943-FAC44868DDC2}.Release|Any CPU.ActiveCfg = Release|Any CPU
		{E202C1F9-34A2-4778-9943-FAC44868DDC2}.Release|Any CPU.Build.0 = Release|Any CPU
		{AE8766B0-3168-4FBD-AAF6-E2DAF7F3D009}.Debug|Any CPU.ActiveCfg = Debug|Any CPU
		{AE8766B0-3168-4FBD-AAF6-E2DAF7F3D009}.Debug|Any CPU.Build.0 = Debug|Any CPU
		{AE8766B0-3168-4FBD-AAF6-E2DAF7F3D009}.Release|Any CPU.ActiveCfg = Release|Any CPU
		{AE8766B0-3168-4FBD-AAF6-E2DAF7F3D009}.Release|Any CPU.Build.0 = Release|Any CPU
		{49A3EB4F-1488-4AC5-93FB-D259E4A5326D}.Debug|Any CPU.ActiveCfg = Debug|Any CPU
		{49A3EB4F-1488-4AC5-93FB-D259E4A5326D}.Debug|Any CPU.Build.0 = Debug|Any CPU
		{49A3EB4F-1488-4AC5-93FB-D259E4A5326D}.Release|Any CPU.ActiveCfg = Release|Any CPU
		{49A3EB4F-1488-4AC5-93FB-D259E4A5326D}.Release|Any CPU.Build.0 = Release|Any CPU
		{32122415-00BB-4513-A30E-648FA5AC1C2E}.Debug|Any CPU.ActiveCfg = Debug|Any CPU
		{32122415-00BB-4513-A30E-648FA5AC1C2E}.Debug|Any CPU.Build.0 = Debug|Any CPU
		{32122415-00BB-4513-A30E-648FA5AC1C2E}.Release|Any CPU.ActiveCfg = Release|Any CPU
		{32122415-00BB-4513-A30E-648FA5AC1C2E}.Release|Any CPU.Build.0 = Release|Any CPU
		{317567E6-9AEB-4ABD-80AA-55ADE710F01A}.Debug|Any CPU.ActiveCfg = Debug|Any CPU
		{317567E6-9AEB-4ABD-80AA-55ADE710F01A}.Debug|Any CPU.Build.0 = Debug|Any CPU
		{317567E6-9AEB-4ABD-80AA-55ADE710F01A}.Release|Any CPU.ActiveCfg = Release|Any CPU
		{317567E6-9AEB-4ABD-80AA-55ADE710F01A}.Release|Any CPU.Build.0 = Release|Any CPU
		{57DA3CBC-7337-4BE5-8737-DACD066EC043}.Debug|Any CPU.ActiveCfg = Debug|Any CPU
		{57DA3CBC-7337-4BE5-8737-DACD066EC043}.Debug|Any CPU.Build.0 = Debug|Any CPU
		{57DA3CBC-7337-4BE5-8737-DACD066EC043}.Release|Any CPU.ActiveCfg = Release|Any CPU
		{57DA3CBC-7337-4BE5-8737-DACD066EC043}.Release|Any CPU.Build.0 = Release|Any CPU
		{EFD8CCE3-BF02-4EA4-8859-DF02692E08C8}.Debug|Any CPU.ActiveCfg = Debug|Any CPU
		{EFD8CCE3-BF02-4EA4-8859-DF02692E08C8}.Debug|Any CPU.Build.0 = Debug|Any CPU
		{EFD8CCE3-BF02-4EA4-8859-DF02692E08C8}.Release|Any CPU.ActiveCfg = Release|Any CPU
		{EFD8CCE3-BF02-4EA4-8859-DF02692E08C8}.Release|Any CPU.Build.0 = Release|Any CPU
		{3D535F13-5F10-46B1-B68C-A37E6DBA8A9B}.Debug|Any CPU.ActiveCfg = Debug|Any CPU
		{3D535F13-5F10-46B1-B68C-A37E6DBA8A9B}.Debug|Any CPU.Build.0 = Debug|Any CPU
		{3D535F13-5F10-46B1-B68C-A37E6DBA8A9B}.Release|Any CPU.ActiveCfg = Release|Any CPU
		{3D535F13-5F10-46B1-B68C-A37E6DBA8A9B}.Release|Any CPU.Build.0 = Release|Any CPU
		{2348222B-ECFA-46EB-9956-E6500C1B7AF0}.Debug|Any CPU.ActiveCfg = Debug|Any CPU
		{2348222B-ECFA-46EB-9956-E6500C1B7AF0}.Debug|Any CPU.Build.0 = Debug|Any CPU
		{2348222B-ECFA-46EB-9956-E6500C1B7AF0}.Release|Any CPU.ActiveCfg = Release|Any CPU
		{2348222B-ECFA-46EB-9956-E6500C1B7AF0}.Release|Any CPU.Build.0 = Release|Any CPU
		{13882AAB-B2EC-48E0-8D11-20810DDB7516}.Debug|Any CPU.ActiveCfg = Debug|Any CPU
		{13882AAB-B2EC-48E0-8D11-20810DDB7516}.Debug|Any CPU.Build.0 = Debug|Any CPU
		{13882AAB-B2EC-48E0-8D11-20810DDB7516}.Release|Any CPU.ActiveCfg = Release|Any CPU
		{13882AAB-B2EC-48E0-8D11-20810DDB7516}.Release|Any CPU.Build.0 = Release|Any CPU
		{4819C739-6312-4DA5-8C30-CD3313F3B49B}.Debug|Any CPU.ActiveCfg = Debug|Any CPU
		{4819C739-6312-4DA5-8C30-CD3313F3B49B}.Debug|Any CPU.Build.0 = Debug|Any CPU
		{4819C739-6312-4DA5-8C30-CD3313F3B49B}.Release|Any CPU.ActiveCfg = Release|Any CPU
		{4819C739-6312-4DA5-8C30-CD3313F3B49B}.Release|Any CPU.Build.0 = Release|Any CPU
		{53B3D48F-D6CE-4292-856F-AB369844FF4C}.Debug|Any CPU.ActiveCfg = Debug|Any CPU
		{53B3D48F-D6CE-4292-856F-AB369844FF4C}.Debug|Any CPU.Build.0 = Debug|Any CPU
		{53B3D48F-D6CE-4292-856F-AB369844FF4C}.Release|Any CPU.ActiveCfg = Release|Any CPU
		{53B3D48F-D6CE-4292-856F-AB369844FF4C}.Release|Any CPU.Build.0 = Release|Any CPU
		{CF735D62-B33E-4E3D-9045-43850531F867}.Debug|Any CPU.ActiveCfg = Debug|Any CPU
		{CF735D62-B33E-4E3D-9045-43850531F867}.Debug|Any CPU.Build.0 = Debug|Any CPU
		{CF735D62-B33E-4E3D-9045-43850531F867}.Release|Any CPU.ActiveCfg = Release|Any CPU
		{CF735D62-B33E-4E3D-9045-43850531F867}.Release|Any CPU.Build.0 = Release|Any CPU
		{055A5C37-ECAA-4111-9AB9-FC7C85B86222}.Debug|Any CPU.ActiveCfg = Debug|Any CPU
		{055A5C37-ECAA-4111-9AB9-FC7C85B86222}.Debug|Any CPU.Build.0 = Debug|Any CPU
		{055A5C37-ECAA-4111-9AB9-FC7C85B86222}.Release|Any CPU.ActiveCfg = Release|Any CPU
		{055A5C37-ECAA-4111-9AB9-FC7C85B86222}.Release|Any CPU.Build.0 = Release|Any CPU
		{469A2C91-64B4-439B-9097-05499770FFB3}.Debug|Any CPU.ActiveCfg = Debug|Any CPU
		{469A2C91-64B4-439B-9097-05499770FFB3}.Debug|Any CPU.Build.0 = Debug|Any CPU
		{469A2C91-64B4-439B-9097-05499770FFB3}.Release|Any CPU.ActiveCfg = Release|Any CPU
		{469A2C91-64B4-439B-9097-05499770FFB3}.Release|Any CPU.Build.0 = Release|Any CPU
		{A2A46E0F-EAE5-45E5-B17B-0EEB554B1049}.Debug|Any CPU.ActiveCfg = Debug|Any CPU
		{A2A46E0F-EAE5-45E5-B17B-0EEB554B1049}.Debug|Any CPU.Build.0 = Debug|Any CPU
		{A2A46E0F-EAE5-45E5-B17B-0EEB554B1049}.Release|Any CPU.ActiveCfg = Release|Any CPU
		{A2A46E0F-EAE5-45E5-B17B-0EEB554B1049}.Release|Any CPU.Build.0 = Release|Any CPU
		{4DF54E7E-3BC2-4B16-9296-C2E198EF1E09}.Debug|Any CPU.ActiveCfg = Debug|Any CPU
		{4DF54E7E-3BC2-4B16-9296-C2E198EF1E09}.Debug|Any CPU.Build.0 = Debug|Any CPU
		{4DF54E7E-3BC2-4B16-9296-C2E198EF1E09}.Release|Any CPU.ActiveCfg = Release|Any CPU
		{4DF54E7E-3BC2-4B16-9296-C2E198EF1E09}.Release|Any CPU.Build.0 = Release|Any CPU
		{77323165-5363-4FFD-B00C-9385DDE3DCB4}.Debug|Any CPU.ActiveCfg = Debug|Any CPU
		{77323165-5363-4FFD-B00C-9385DDE3DCB4}.Debug|Any CPU.Build.0 = Debug|Any CPU
		{77323165-5363-4FFD-B00C-9385DDE3DCB4}.Release|Any CPU.ActiveCfg = Release|Any CPU
		{77323165-5363-4FFD-B00C-9385DDE3DCB4}.Release|Any CPU.Build.0 = Release|Any CPU
		{4B60B80B-48AC-4628-90D4-35BE8D959988}.Debug|Any CPU.ActiveCfg = Debug|Any CPU
		{4B60B80B-48AC-4628-90D4-35BE8D959988}.Debug|Any CPU.Build.0 = Debug|Any CPU
		{4B60B80B-48AC-4628-90D4-35BE8D959988}.Release|Any CPU.ActiveCfg = Release|Any CPU
		{4B60B80B-48AC-4628-90D4-35BE8D959988}.Release|Any CPU.Build.0 = Release|Any CPU
		{9A9ECFF6-520C-4067-B946-1904D4A51550}.Debug|Any CPU.ActiveCfg = Debug|Any CPU
		{9A9ECFF6-520C-4067-B946-1904D4A51550}.Debug|Any CPU.Build.0 = Debug|Any CPU
		{9A9ECFF6-520C-4067-B946-1904D4A51550}.Release|Any CPU.ActiveCfg = Release|Any CPU
		{9A9ECFF6-520C-4067-B946-1904D4A51550}.Release|Any CPU.Build.0 = Release|Any CPU
		{234B46D6-9EA9-43A7-852C-C3F7124FBDE9}.Debug|Any CPU.ActiveCfg = Debug|Any CPU
		{234B46D6-9EA9-43A7-852C-C3F7124FBDE9}.Debug|Any CPU.Build.0 = Debug|Any CPU
		{234B46D6-9EA9-43A7-852C-C3F7124FBDE9}.Release|Any CPU.ActiveCfg = Release|Any CPU
		{234B46D6-9EA9-43A7-852C-C3F7124FBDE9}.Release|Any CPU.Build.0 = Release|Any CPU
		{8E9DF445-9191-4CF7-B606-248229F3CB23}.Debug|Any CPU.ActiveCfg = Debug|Any CPU
		{8E9DF445-9191-4CF7-B606-248229F3CB23}.Debug|Any CPU.Build.0 = Debug|Any CPU
		{8E9DF445-9191-4CF7-B606-248229F3CB23}.Release|Any CPU.ActiveCfg = Release|Any CPU
		{8E9DF445-9191-4CF7-B606-248229F3CB23}.Release|Any CPU.Build.0 = Release|Any CPU
		{47FF7E31-4AA1-48C1-B90C-916C42623629}.Debug|Any CPU.ActiveCfg = Debug|Any CPU
		{47FF7E31-4AA1-48C1-B90C-916C42623629}.Debug|Any CPU.Build.0 = Debug|Any CPU
		{47FF7E31-4AA1-48C1-B90C-916C42623629}.Release|Any CPU.ActiveCfg = Release|Any CPU
		{47FF7E31-4AA1-48C1-B90C-916C42623629}.Release|Any CPU.Build.0 = Release|Any CPU
		{73BAE655-BFE7-458F-B96E-E9FC054ADBA5}.Debug|Any CPU.ActiveCfg = Debug|Any CPU
		{73BAE655-BFE7-458F-B96E-E9FC054ADBA5}.Debug|Any CPU.Build.0 = Debug|Any CPU
		{73BAE655-BFE7-458F-B96E-E9FC054ADBA5}.Release|Any CPU.ActiveCfg = Release|Any CPU
		{73BAE655-BFE7-458F-B96E-E9FC054ADBA5}.Release|Any CPU.Build.0 = Release|Any CPU
		{D70EF204-4913-4007-9929-5EB49E2F578A}.Debug|Any CPU.ActiveCfg = Debug|Any CPU
		{D70EF204-4913-4007-9929-5EB49E2F578A}.Debug|Any CPU.Build.0 = Debug|Any CPU
		{D70EF204-4913-4007-9929-5EB49E2F578A}.Release|Any CPU.ActiveCfg = Release|Any CPU
		{D70EF204-4913-4007-9929-5EB49E2F578A}.Release|Any CPU.Build.0 = Release|Any CPU
		{5B541CD6-7982-4BE3-9999-E950E0A73F10}.Debug|Any CPU.ActiveCfg = Debug|Any CPU
		{5B541CD6-7982-4BE3-9999-E950E0A73F10}.Debug|Any CPU.Build.0 = Debug|Any CPU
		{5B541CD6-7982-4BE3-9999-E950E0A73F10}.Release|Any CPU.ActiveCfg = Release|Any CPU
		{5B541CD6-7982-4BE3-9999-E950E0A73F10}.Release|Any CPU.Build.0 = Release|Any CPU
		{07EC869F-89F4-4277-94FC-6CFFA391FF63}.Debug|Any CPU.ActiveCfg = Debug|Any CPU
		{07EC869F-89F4-4277-94FC-6CFFA391FF63}.Debug|Any CPU.Build.0 = Debug|Any CPU
		{07EC869F-89F4-4277-94FC-6CFFA391FF63}.Release|Any CPU.ActiveCfg = Release|Any CPU
		{07EC869F-89F4-4277-94FC-6CFFA391FF63}.Release|Any CPU.Build.0 = Release|Any CPU
		{02FAB18B-BD65-4F93-9B76-BCE0A8111FB8}.Debug|Any CPU.ActiveCfg = Debug|Any CPU
		{02FAB18B-BD65-4F93-9B76-BCE0A8111FB8}.Debug|Any CPU.Build.0 = Debug|Any CPU
		{02FAB18B-BD65-4F93-9B76-BCE0A8111FB8}.Release|Any CPU.ActiveCfg = Release|Any CPU
		{02FAB18B-BD65-4F93-9B76-BCE0A8111FB8}.Release|Any CPU.Build.0 = Release|Any CPU
		{0817E7C3-A97D-4513-8B97-7317364D3C41}.Debug|Any CPU.ActiveCfg = Debug|Any CPU
		{0817E7C3-A97D-4513-8B97-7317364D3C41}.Debug|Any CPU.Build.0 = Debug|Any CPU
		{0817E7C3-A97D-4513-8B97-7317364D3C41}.Release|Any CPU.ActiveCfg = Release|Any CPU
		{0817E7C3-A97D-4513-8B97-7317364D3C41}.Release|Any CPU.Build.0 = Release|Any CPU
		{1F8B20E2-6863-43F3-BD01-56F0B1054A90}.Debug|Any CPU.ActiveCfg = Debug|Any CPU
		{1F8B20E2-6863-43F3-BD01-56F0B1054A90}.Debug|Any CPU.Build.0 = Debug|Any CPU
		{1F8B20E2-6863-43F3-BD01-56F0B1054A90}.Release|Any CPU.ActiveCfg = Release|Any CPU
		{1F8B20E2-6863-43F3-BD01-56F0B1054A90}.Release|Any CPU.Build.0 = Release|Any CPU
		{6575C65A-D859-4179-8EF0-ED03D1CDAAF0}.Debug|Any CPU.ActiveCfg = Debug|Any CPU
		{6575C65A-D859-4179-8EF0-ED03D1CDAAF0}.Debug|Any CPU.Build.0 = Debug|Any CPU
		{6575C65A-D859-4179-8EF0-ED03D1CDAAF0}.Release|Any CPU.ActiveCfg = Release|Any CPU
		{6575C65A-D859-4179-8EF0-ED03D1CDAAF0}.Release|Any CPU.Build.0 = Release|Any CPU
		{8A59EF24-A6A1-4D8C-89DA-2C33AC16B3B8}.Debug|Any CPU.ActiveCfg = Debug|Any CPU
		{8A59EF24-A6A1-4D8C-89DA-2C33AC16B3B8}.Debug|Any CPU.Build.0 = Debug|Any CPU
		{8A59EF24-A6A1-4D8C-89DA-2C33AC16B3B8}.Release|Any CPU.ActiveCfg = Release|Any CPU
		{8A59EF24-A6A1-4D8C-89DA-2C33AC16B3B8}.Release|Any CPU.Build.0 = Release|Any CPU
		{42769A54-BE7F-4093-BE96-6E3322C83E98}.Debug|Any CPU.ActiveCfg = Debug|Any CPU
		{42769A54-BE7F-4093-BE96-6E3322C83E98}.Debug|Any CPU.Build.0 = Debug|Any CPU
		{42769A54-BE7F-4093-BE96-6E3322C83E98}.Release|Any CPU.ActiveCfg = Release|Any CPU
		{42769A54-BE7F-4093-BE96-6E3322C83E98}.Release|Any CPU.Build.0 = Release|Any CPU
		{ED818FA4-1012-4C62-BC2B-0AEE3986425D}.Debug|Any CPU.ActiveCfg = Debug|Any CPU
		{ED818FA4-1012-4C62-BC2B-0AEE3986425D}.Debug|Any CPU.Build.0 = Debug|Any CPU
		{ED818FA4-1012-4C62-BC2B-0AEE3986425D}.Release|Any CPU.ActiveCfg = Release|Any CPU
		{ED818FA4-1012-4C62-BC2B-0AEE3986425D}.Release|Any CPU.Build.0 = Release|Any CPU
		{78176781-2678-4A64-9EB9-1697B36F8479}.Debug|Any CPU.ActiveCfg = Debug|Any CPU
		{78176781-2678-4A64-9EB9-1697B36F8479}.Debug|Any CPU.Build.0 = Debug|Any CPU
		{78176781-2678-4A64-9EB9-1697B36F8479}.Release|Any CPU.ActiveCfg = Release|Any CPU
		{78176781-2678-4A64-9EB9-1697B36F8479}.Release|Any CPU.Build.0 = Release|Any CPU
		{D312DE3D-4CAD-4EA4-8DCD-70A8291F6992}.Debug|Any CPU.ActiveCfg = Debug|Any CPU
		{D312DE3D-4CAD-4EA4-8DCD-70A8291F6992}.Debug|Any CPU.Build.0 = Debug|Any CPU
		{D312DE3D-4CAD-4EA4-8DCD-70A8291F6992}.Release|Any CPU.ActiveCfg = Release|Any CPU
		{D312DE3D-4CAD-4EA4-8DCD-70A8291F6992}.Release|Any CPU.Build.0 = Release|Any CPU
		{F021E1B6-81C7-4C18-9051-BF91948CEC31}.Debug|Any CPU.ActiveCfg = Debug|Any CPU
		{F021E1B6-81C7-4C18-9051-BF91948CEC31}.Debug|Any CPU.Build.0 = Debug|Any CPU
		{F021E1B6-81C7-4C18-9051-BF91948CEC31}.Release|Any CPU.ActiveCfg = Release|Any CPU
		{F021E1B6-81C7-4C18-9051-BF91948CEC31}.Release|Any CPU.Build.0 = Release|Any CPU
		{BF377A3C-105C-492A-AA76-D6ABB097EC82}.Debug|Any CPU.ActiveCfg = Debug|Any CPU
		{BF377A3C-105C-492A-AA76-D6ABB097EC82}.Debug|Any CPU.Build.0 = Debug|Any CPU
		{BF377A3C-105C-492A-AA76-D6ABB097EC82}.Release|Any CPU.ActiveCfg = Release|Any CPU
		{BF377A3C-105C-492A-AA76-D6ABB097EC82}.Release|Any CPU.Build.0 = Release|Any CPU
		{894D694A-410F-4FE1-80D2-D8B3F06ABA69}.Debug|Any CPU.ActiveCfg = Debug|Any CPU
		{894D694A-410F-4FE1-80D2-D8B3F06ABA69}.Debug|Any CPU.Build.0 = Debug|Any CPU
		{894D694A-410F-4FE1-80D2-D8B3F06ABA69}.Release|Any CPU.ActiveCfg = Release|Any CPU
		{894D694A-410F-4FE1-80D2-D8B3F06ABA69}.Release|Any CPU.Build.0 = Release|Any CPU
		{2363437A-1965-4316-8D33-79EA6E4D86A9}.Debug|Any CPU.ActiveCfg = Debug|Any CPU
		{2363437A-1965-4316-8D33-79EA6E4D86A9}.Debug|Any CPU.Build.0 = Debug|Any CPU
		{2363437A-1965-4316-8D33-79EA6E4D86A9}.Release|Any CPU.ActiveCfg = Release|Any CPU
		{2363437A-1965-4316-8D33-79EA6E4D86A9}.Release|Any CPU.Build.0 = Release|Any CPU
		{7AABB5FF-A93E-468F-A7F8-D16B876589BD}.Debug|Any CPU.ActiveCfg = Debug|Any CPU
		{7AABB5FF-A93E-468F-A7F8-D16B876589BD}.Debug|Any CPU.Build.0 = Debug|Any CPU
		{7AABB5FF-A93E-468F-A7F8-D16B876589BD}.Release|Any CPU.ActiveCfg = Release|Any CPU
		{7AABB5FF-A93E-468F-A7F8-D16B876589BD}.Release|Any CPU.Build.0 = Release|Any CPU
		{76BD802A-74DE-4E27-AF3F-34173D1CFF62}.Debug|Any CPU.ActiveCfg = Debug|Any CPU
		{76BD802A-74DE-4E27-AF3F-34173D1CFF62}.Debug|Any CPU.Build.0 = Debug|Any CPU
		{76BD802A-74DE-4E27-AF3F-34173D1CFF62}.Release|Any CPU.ActiveCfg = Release|Any CPU
		{76BD802A-74DE-4E27-AF3F-34173D1CFF62}.Release|Any CPU.Build.0 = Release|Any CPU
		{56C404E9-9B7F-424C-AC47-7B67366DE2CF}.Debug|Any CPU.ActiveCfg = Debug|Any CPU
		{56C404E9-9B7F-424C-AC47-7B67366DE2CF}.Debug|Any CPU.Build.0 = Debug|Any CPU
		{56C404E9-9B7F-424C-AC47-7B67366DE2CF}.Release|Any CPU.ActiveCfg = Release|Any CPU
		{56C404E9-9B7F-424C-AC47-7B67366DE2CF}.Release|Any CPU.Build.0 = Release|Any CPU
		{1FD88857-4571-4DC4-80A9-F40E2CFAE274}.Debug|Any CPU.ActiveCfg = Debug|Any CPU
		{1FD88857-4571-4DC4-80A9-F40E2CFAE274}.Debug|Any CPU.Build.0 = Debug|Any CPU
		{1FD88857-4571-4DC4-80A9-F40E2CFAE274}.Release|Any CPU.ActiveCfg = Release|Any CPU
		{1FD88857-4571-4DC4-80A9-F40E2CFAE274}.Release|Any CPU.Build.0 = Release|Any CPU
		{723E0112-1BCC-4FCF-A5C9-D61C381771AC}.Debug|Any CPU.ActiveCfg = Debug|Any CPU
		{723E0112-1BCC-4FCF-A5C9-D61C381771AC}.Debug|Any CPU.Build.0 = Debug|Any CPU
		{723E0112-1BCC-4FCF-A5C9-D61C381771AC}.Release|Any CPU.ActiveCfg = Release|Any CPU
		{723E0112-1BCC-4FCF-A5C9-D61C381771AC}.Release|Any CPU.Build.0 = Release|Any CPU
		{83743B8A-E4DF-4DCE-81C5-7708F342A18A}.Debug|Any CPU.ActiveCfg = Debug|Any CPU
		{83743B8A-E4DF-4DCE-81C5-7708F342A18A}.Debug|Any CPU.Build.0 = Debug|Any CPU
		{83743B8A-E4DF-4DCE-81C5-7708F342A18A}.Release|Any CPU.ActiveCfg = Release|Any CPU
		{83743B8A-E4DF-4DCE-81C5-7708F342A18A}.Release|Any CPU.Build.0 = Release|Any CPU
		{97EB688E-12A7-4273-9893-131670E49A33}.Debug|Any CPU.ActiveCfg = Debug|Any CPU
		{97EB688E-12A7-4273-9893-131670E49A33}.Debug|Any CPU.Build.0 = Debug|Any CPU
		{97EB688E-12A7-4273-9893-131670E49A33}.Release|Any CPU.ActiveCfg = Release|Any CPU
		{97EB688E-12A7-4273-9893-131670E49A33}.Release|Any CPU.Build.0 = Release|Any CPU
		{A71F5DC1-8EC9-4C79-951C-7F374961C2F7}.Debug|Any CPU.ActiveCfg = Debug|Any CPU
		{A71F5DC1-8EC9-4C79-951C-7F374961C2F7}.Debug|Any CPU.Build.0 = Debug|Any CPU
		{A71F5DC1-8EC9-4C79-951C-7F374961C2F7}.Release|Any CPU.ActiveCfg = Release|Any CPU
		{A71F5DC1-8EC9-4C79-951C-7F374961C2F7}.Release|Any CPU.Build.0 = Release|Any CPU
		{9B6BD2ED-B58D-4557-B54C-EAB0268862FB}.Debug|Any CPU.ActiveCfg = Debug|Any CPU
		{9B6BD2ED-B58D-4557-B54C-EAB0268862FB}.Debug|Any CPU.Build.0 = Debug|Any CPU
		{9B6BD2ED-B58D-4557-B54C-EAB0268862FB}.Release|Any CPU.ActiveCfg = Release|Any CPU
		{9B6BD2ED-B58D-4557-B54C-EAB0268862FB}.Release|Any CPU.Build.0 = Release|Any CPU
		{A4F1E33D-DA47-476A-B628-2CB8E775819E}.Debug|Any CPU.ActiveCfg = Debug|Any CPU
		{A4F1E33D-DA47-476A-B628-2CB8E775819E}.Debug|Any CPU.Build.0 = Debug|Any CPU
		{A4F1E33D-DA47-476A-B628-2CB8E775819E}.Release|Any CPU.ActiveCfg = Release|Any CPU
		{A4F1E33D-DA47-476A-B628-2CB8E775819E}.Release|Any CPU.Build.0 = Release|Any CPU
		{5F51ACE8-6DFC-40CF-91C9-9CD96F77971F}.Debug|Any CPU.ActiveCfg = Debug|Any CPU
		{5F51ACE8-6DFC-40CF-91C9-9CD96F77971F}.Debug|Any CPU.Build.0 = Debug|Any CPU
		{5F51ACE8-6DFC-40CF-91C9-9CD96F77971F}.Release|Any CPU.ActiveCfg = Release|Any CPU
		{5F51ACE8-6DFC-40CF-91C9-9CD96F77971F}.Release|Any CPU.Build.0 = Release|Any CPU
		{CB7C26B1-A8B5-4B66-BB81-40E59918A6ED}.Debug|Any CPU.ActiveCfg = Debug|Any CPU
		{CB7C26B1-A8B5-4B66-BB81-40E59918A6ED}.Debug|Any CPU.Build.0 = Debug|Any CPU
		{CB7C26B1-A8B5-4B66-BB81-40E59918A6ED}.Release|Any CPU.ActiveCfg = Release|Any CPU
		{CB7C26B1-A8B5-4B66-BB81-40E59918A6ED}.Release|Any CPU.Build.0 = Release|Any CPU
		{7040CD14-EF4B-40B4-B702-0D59D1F3AEE5}.Debug|Any CPU.ActiveCfg = Debug|Any CPU
		{7040CD14-EF4B-40B4-B702-0D59D1F3AEE5}.Debug|Any CPU.Build.0 = Debug|Any CPU
		{7040CD14-EF4B-40B4-B702-0D59D1F3AEE5}.Release|Any CPU.ActiveCfg = Release|Any CPU
		{7040CD14-EF4B-40B4-B702-0D59D1F3AEE5}.Release|Any CPU.Build.0 = Release|Any CPU
		{92A1F3D3-1AF1-4112-B956-38E8DB1B345B}.Debug|Any CPU.ActiveCfg = Debug|Any CPU
		{92A1F3D3-1AF1-4112-B956-38E8DB1B345B}.Debug|Any CPU.Build.0 = Debug|Any CPU
		{92A1F3D3-1AF1-4112-B956-38E8DB1B345B}.Release|Any CPU.ActiveCfg = Release|Any CPU
		{92A1F3D3-1AF1-4112-B956-38E8DB1B345B}.Release|Any CPU.Build.0 = Release|Any CPU
		{F0F8EA19-0AB7-4D23-944A-59DA514B20D0}.Debug|Any CPU.ActiveCfg = Debug|Any CPU
		{F0F8EA19-0AB7-4D23-944A-59DA514B20D0}.Debug|Any CPU.Build.0 = Debug|Any CPU
		{F0F8EA19-0AB7-4D23-944A-59DA514B20D0}.Release|Any CPU.ActiveCfg = Release|Any CPU
		{F0F8EA19-0AB7-4D23-944A-59DA514B20D0}.Release|Any CPU.Build.0 = Release|Any CPU
		{9A3741FD-C0EF-4275-8CB0-77D6EB407E88}.Debug|Any CPU.ActiveCfg = Debug|Any CPU
		{9A3741FD-C0EF-4275-8CB0-77D6EB407E88}.Debug|Any CPU.Build.0 = Debug|Any CPU
		{9A3741FD-C0EF-4275-8CB0-77D6EB407E88}.Release|Any CPU.ActiveCfg = Release|Any CPU
		{9A3741FD-C0EF-4275-8CB0-77D6EB407E88}.Release|Any CPU.Build.0 = Release|Any CPU
		{6F6FB8FC-564C-4B04-B254-EB53A7E4562F}.Debug|Any CPU.ActiveCfg = Debug|Any CPU
		{6F6FB8FC-564C-4B04-B254-EB53A7E4562F}.Debug|Any CPU.Build.0 = Debug|Any CPU
		{6F6FB8FC-564C-4B04-B254-EB53A7E4562F}.Release|Any CPU.ActiveCfg = Release|Any CPU
		{6F6FB8FC-564C-4B04-B254-EB53A7E4562F}.Release|Any CPU.Build.0 = Release|Any CPU
		{A484AD9E-04C7-4CF9-BB59-5C7DE772851C}.Debug|Any CPU.ActiveCfg = Debug|Any CPU
		{A484AD9E-04C7-4CF9-BB59-5C7DE772851C}.Debug|Any CPU.Build.0 = Debug|Any CPU
		{A484AD9E-04C7-4CF9-BB59-5C7DE772851C}.Release|Any CPU.ActiveCfg = Release|Any CPU
		{A484AD9E-04C7-4CF9-BB59-5C7DE772851C}.Release|Any CPU.Build.0 = Release|Any CPU
		{4FA38CED-74C9-4969-83B2-6BD54F245E6C}.Debug|Any CPU.ActiveCfg = Debug|Any CPU
		{4FA38CED-74C9-4969-83B2-6BD54F245E6C}.Debug|Any CPU.Build.0 = Debug|Any CPU
		{4FA38CED-74C9-4969-83B2-6BD54F245E6C}.Release|Any CPU.ActiveCfg = Release|Any CPU
		{4FA38CED-74C9-4969-83B2-6BD54F245E6C}.Release|Any CPU.Build.0 = Release|Any CPU
		{DC18FDD3-2AD9-43C9-B8CC-850457FE1A07}.Debug|Any CPU.ActiveCfg = Debug|Any CPU
		{DC18FDD3-2AD9-43C9-B8CC-850457FE1A07}.Debug|Any CPU.Build.0 = Debug|Any CPU
		{DC18FDD3-2AD9-43C9-B8CC-850457FE1A07}.Release|Any CPU.ActiveCfg = Release|Any CPU
		{DC18FDD3-2AD9-43C9-B8CC-850457FE1A07}.Release|Any CPU.Build.0 = Release|Any CPU
		{C8E1C3C8-4BF7-4D93-9959-A4DAA3859A0D}.Debug|Any CPU.ActiveCfg = Debug|Any CPU
		{C8E1C3C8-4BF7-4D93-9959-A4DAA3859A0D}.Debug|Any CPU.Build.0 = Debug|Any CPU
		{C8E1C3C8-4BF7-4D93-9959-A4DAA3859A0D}.Release|Any CPU.ActiveCfg = Release|Any CPU
		{C8E1C3C8-4BF7-4D93-9959-A4DAA3859A0D}.Release|Any CPU.Build.0 = Release|Any CPU
		{229147BA-99A7-4761-BA5E-3E65277C9B8E}.Debug|Any CPU.ActiveCfg = Debug|Any CPU
		{229147BA-99A7-4761-BA5E-3E65277C9B8E}.Debug|Any CPU.Build.0 = Debug|Any CPU
		{229147BA-99A7-4761-BA5E-3E65277C9B8E}.Release|Any CPU.ActiveCfg = Release|Any CPU
		{229147BA-99A7-4761-BA5E-3E65277C9B8E}.Release|Any CPU.Build.0 = Release|Any CPU
		{F3ECE3DC-153D-4F8A-AC48-2396F2B46ED7}.Debug|Any CPU.ActiveCfg = Debug|Any CPU
		{F3ECE3DC-153D-4F8A-AC48-2396F2B46ED7}.Debug|Any CPU.Build.0 = Debug|Any CPU
		{F3ECE3DC-153D-4F8A-AC48-2396F2B46ED7}.Release|Any CPU.ActiveCfg = Release|Any CPU
		{F3ECE3DC-153D-4F8A-AC48-2396F2B46ED7}.Release|Any CPU.Build.0 = Release|Any CPU
		{D01C99ED-B735-4854-A07D-B55E506A1441}.Debug|Any CPU.ActiveCfg = Debug|Any CPU
		{D01C99ED-B735-4854-A07D-B55E506A1441}.Debug|Any CPU.Build.0 = Debug|Any CPU
		{D01C99ED-B735-4854-A07D-B55E506A1441}.Release|Any CPU.ActiveCfg = Release|Any CPU
		{D01C99ED-B735-4854-A07D-B55E506A1441}.Release|Any CPU.Build.0 = Release|Any CPU
		{4257ECCC-A172-4FC0-BE0D-A60FDE0C8A74}.Debug|Any CPU.ActiveCfg = Debug|Any CPU
		{4257ECCC-A172-4FC0-BE0D-A60FDE0C8A74}.Debug|Any CPU.Build.0 = Debug|Any CPU
		{4257ECCC-A172-4FC0-BE0D-A60FDE0C8A74}.Release|Any CPU.ActiveCfg = Release|Any CPU
		{4257ECCC-A172-4FC0-BE0D-A60FDE0C8A74}.Release|Any CPU.Build.0 = Release|Any CPU
		{1A34A78B-F6AB-41A9-8B90-384C6E1DBC63}.Debug|Any CPU.ActiveCfg = Debug|Any CPU
		{1A34A78B-F6AB-41A9-8B90-384C6E1DBC63}.Debug|Any CPU.Build.0 = Debug|Any CPU
		{1A34A78B-F6AB-41A9-8B90-384C6E1DBC63}.Release|Any CPU.ActiveCfg = Release|Any CPU
		{1A34A78B-F6AB-41A9-8B90-384C6E1DBC63}.Release|Any CPU.Build.0 = Release|Any CPU
		{AAFFC067-D110-45FF-9FA0-8E02F77D9D14}.Debug|Any CPU.ActiveCfg = Debug|Any CPU
		{AAFFC067-D110-45FF-9FA0-8E02F77D9D14}.Debug|Any CPU.Build.0 = Debug|Any CPU
		{AAFFC067-D110-45FF-9FA0-8E02F77D9D14}.Release|Any CPU.ActiveCfg = Release|Any CPU
		{AAFFC067-D110-45FF-9FA0-8E02F77D9D14}.Release|Any CPU.Build.0 = Release|Any CPU
		{71B152DD-7A0B-4935-B8B1-1060E674D23D}.Debug|Any CPU.ActiveCfg = Debug|Any CPU
		{71B152DD-7A0B-4935-B8B1-1060E674D23D}.Debug|Any CPU.Build.0 = Debug|Any CPU
		{71B152DD-7A0B-4935-B8B1-1060E674D23D}.Release|Any CPU.ActiveCfg = Release|Any CPU
		{71B152DD-7A0B-4935-B8B1-1060E674D23D}.Release|Any CPU.Build.0 = Release|Any CPU
		{B035801D-E786-4AAA-858A-0770D88116D6}.Debug|Any CPU.ActiveCfg = Debug|Any CPU
		{B035801D-E786-4AAA-858A-0770D88116D6}.Debug|Any CPU.Build.0 = Debug|Any CPU
		{B035801D-E786-4AAA-858A-0770D88116D6}.Release|Any CPU.ActiveCfg = Release|Any CPU
		{B035801D-E786-4AAA-858A-0770D88116D6}.Release|Any CPU.Build.0 = Release|Any CPU
		{579CD7E7-216A-4A68-A338-663FC3D031B7}.Debug|Any CPU.ActiveCfg = Debug|Any CPU
		{579CD7E7-216A-4A68-A338-663FC3D031B7}.Debug|Any CPU.Build.0 = Debug|Any CPU
		{579CD7E7-216A-4A68-A338-663FC3D031B7}.Release|Any CPU.ActiveCfg = Release|Any CPU
		{579CD7E7-216A-4A68-A338-663FC3D031B7}.Release|Any CPU.Build.0 = Release|Any CPU
		{619D927F-D1B3-4A40-8B6C-AD136D569FE1}.Debug|Any CPU.ActiveCfg = Debug|Any CPU
		{619D927F-D1B3-4A40-8B6C-AD136D569FE1}.Debug|Any CPU.Build.0 = Debug|Any CPU
		{619D927F-D1B3-4A40-8B6C-AD136D569FE1}.Release|Any CPU.ActiveCfg = Release|Any CPU
		{619D927F-D1B3-4A40-8B6C-AD136D569FE1}.Release|Any CPU.Build.0 = Release|Any CPU
		{6C8A5E7D-A2B1-438F-9F22-04CE68CA6984}.Debug|Any CPU.ActiveCfg = Debug|Any CPU
		{6C8A5E7D-A2B1-438F-9F22-04CE68CA6984}.Debug|Any CPU.Build.0 = Debug|Any CPU
		{6C8A5E7D-A2B1-438F-9F22-04CE68CA6984}.Release|Any CPU.ActiveCfg = Release|Any CPU
		{6C8A5E7D-A2B1-438F-9F22-04CE68CA6984}.Release|Any CPU.Build.0 = Release|Any CPU
		{33FFBE07-65B9-41A6-9CA8-09C3DB117982}.Debug|Any CPU.ActiveCfg = Debug|Any CPU
		{33FFBE07-65B9-41A6-9CA8-09C3DB117982}.Debug|Any CPU.Build.0 = Debug|Any CPU
		{33FFBE07-65B9-41A6-9CA8-09C3DB117982}.Release|Any CPU.ActiveCfg = Release|Any CPU
		{33FFBE07-65B9-41A6-9CA8-09C3DB117982}.Release|Any CPU.Build.0 = Release|Any CPU
		{BE809FBA-8425-456C-966B-185186FED41E}.Debug|Any CPU.ActiveCfg = Debug|Any CPU
		{BE809FBA-8425-456C-966B-185186FED41E}.Debug|Any CPU.Build.0 = Debug|Any CPU
		{BE809FBA-8425-456C-966B-185186FED41E}.Release|Any CPU.ActiveCfg = Release|Any CPU
		{BE809FBA-8425-456C-966B-185186FED41E}.Release|Any CPU.Build.0 = Release|Any CPU
		{FAB7B325-9F72-478E-8A0D-929A6E776130}.Debug|Any CPU.ActiveCfg = Debug|Any CPU
		{FAB7B325-9F72-478E-8A0D-929A6E776130}.Debug|Any CPU.Build.0 = Debug|Any CPU
		{FAB7B325-9F72-478E-8A0D-929A6E776130}.Release|Any CPU.ActiveCfg = Release|Any CPU
		{FAB7B325-9F72-478E-8A0D-929A6E776130}.Release|Any CPU.Build.0 = Release|Any CPU
		{944FA4D5-E198-4DB4-8795-DC810709626C}.Debug|Any CPU.ActiveCfg = Debug|Any CPU
		{944FA4D5-E198-4DB4-8795-DC810709626C}.Debug|Any CPU.Build.0 = Debug|Any CPU
		{944FA4D5-E198-4DB4-8795-DC810709626C}.Release|Any CPU.ActiveCfg = Release|Any CPU
		{944FA4D5-E198-4DB4-8795-DC810709626C}.Release|Any CPU.Build.0 = Release|Any CPU
		{318BC03C-4D1A-4491-9E57-8F055C0109D3}.Debug|Any CPU.ActiveCfg = Debug|Any CPU
		{318BC03C-4D1A-4491-9E57-8F055C0109D3}.Debug|Any CPU.Build.0 = Debug|Any CPU
		{318BC03C-4D1A-4491-9E57-8F055C0109D3}.Release|Any CPU.ActiveCfg = Release|Any CPU
		{318BC03C-4D1A-4491-9E57-8F055C0109D3}.Release|Any CPU.Build.0 = Release|Any CPU
	EndGlobalSection
	GlobalSection(NestedProjects) = preSolution
		{24497E6A-D6B1-4C80-ABFB-57FFAD5070C4} = {96119B5E-B5F0-400A-9580-B342EBE26212}
		{76B3D37E-E3DC-4F6D-B20D-D27DFBD716F7} = {96119B5E-B5F0-400A-9580-B342EBE26212}
		{3991BE77-2223-4CBA-B223-973CA49938F8} = {96119B5E-B5F0-400A-9580-B342EBE26212}
		{6ED2C542-265E-464A-911C-D74476F75740} = {7A9E0EAE-9ABF-40F6-9DB9-8FB1243F4210}
		{00FF6FFE-7B23-4DD3-BC95-6908072F357E} = {7A9E0EAE-9ABF-40F6-9DB9-8FB1243F4210}
		{6850F1A0-FA56-4C43-A860-0F0BDAD6187D} = {7A9E0EAE-9ABF-40F6-9DB9-8FB1243F4210}
		{EFEB9600-F513-48AD-8F4B-D8994B9182CA} = {7A9E0EAE-9ABF-40F6-9DB9-8FB1243F4210}
		{9CF0B286-90B6-4A2E-BB93-CE17BA822757} = {7A9E0EAE-9ABF-40F6-9DB9-8FB1243F4210}
		{712FCA00-FEAC-495B-85E4-ED2FCE2F43E7} = {96119B5E-B5F0-400A-9580-B342EBE26212}
		{356D46CF-6006-49FE-AD07-CFE212CA2BDC} = {D953D733-D154-4DF2-B2B9-30BF942E1B6B}
		{BA2F4808-DB5C-4B3D-953C-0AA441AC2987} = {D953D733-D154-4DF2-B2B9-30BF942E1B6B}
		{E36A8B0E-38EB-4054-AFB9-FE8461FA9B56} = {BA2F4808-DB5C-4B3D-953C-0AA441AC2987}
		{F2D003CC-D471-4888-8224-F90B58A2A51F} = {BA2F4808-DB5C-4B3D-953C-0AA441AC2987}
		{0241A677-B90A-44C2-A3CF-5A6A40A4AF4E} = {BA2F4808-DB5C-4B3D-953C-0AA441AC2987}
		{BB2B1BF3-316E-46EC-AC48-634160E81149} = {BA2F4808-DB5C-4B3D-953C-0AA441AC2987}
		{806CCDA3-1322-4FD5-B986-563A5A1FD157} = {D953D733-D154-4DF2-B2B9-30BF942E1B6B}
		{18DD9E1E-DFF6-4BF6-A309-8532B7F301FB} = {D953D733-D154-4DF2-B2B9-30BF942E1B6B}
		{68B9476F-412C-44F5-86F1-3E9C06935C97} = {D953D733-D154-4DF2-B2B9-30BF942E1B6B}
		{9AA81B40-D973-49EB-8A95-8441707268C1} = {68B9476F-412C-44F5-86F1-3E9C06935C97}
		{386A2A1F-E923-40E4-9A4C-92391AE29502} = {68B9476F-412C-44F5-86F1-3E9C06935C97}
		{7C430B1E-880A-4E9B-A826-6BCBA9183C29} = {68B9476F-412C-44F5-86F1-3E9C06935C97}
		{6ACCD616-C165-4D92-A6E0-8070C26BC6C4} = {D953D733-D154-4DF2-B2B9-30BF942E1B6B}
		{3C152F85-B9BE-40E5-A4AF-EF03DC96DE17} = {D953D733-D154-4DF2-B2B9-30BF942E1B6B}
		{3C401613-DFD3-4EF7-A085-150F16727FD4} = {3C152F85-B9BE-40E5-A4AF-EF03DC96DE17}
		{E202C1F9-34A2-4778-9943-FAC44868DDC2} = {3C152F85-B9BE-40E5-A4AF-EF03DC96DE17}
		{AE8766B0-3168-4FBD-AAF6-E2DAF7F3D009} = {3C152F85-B9BE-40E5-A4AF-EF03DC96DE17}
		{77430826-FF01-4D14-A0B5-2B544872F252} = {D953D733-D154-4DF2-B2B9-30BF942E1B6B}
		{49A3EB4F-1488-4AC5-93FB-D259E4A5326D} = {77430826-FF01-4D14-A0B5-2B544872F252}
		{32122415-00BB-4513-A30E-648FA5AC1C2E} = {77430826-FF01-4D14-A0B5-2B544872F252}
		{317567E6-9AEB-4ABD-80AA-55ADE710F01A} = {D953D733-D154-4DF2-B2B9-30BF942E1B6B}
		{57DA3CBC-7337-4BE5-8737-DACD066EC043} = {D953D733-D154-4DF2-B2B9-30BF942E1B6B}
		{EFD8CCE3-BF02-4EA4-8859-DF02692E08C8} = {7A9E0EAE-9ABF-40F6-9DB9-8FB1243F4210}
		{3D535F13-5F10-46B1-B68C-A37E6DBA8A9B} = {D953D733-D154-4DF2-B2B9-30BF942E1B6B}
		{2348222B-ECFA-46EB-9956-E6500C1B7AF0} = {F429686D-BB41-4E1C-A84E-518F8A289AEF}
		{13882AAB-B2EC-48E0-8D11-20810DDB7516} = {F429686D-BB41-4E1C-A84E-518F8A289AEF}
		{1FC63454-ADB1-48A8-8B2C-3635AAE97126} = {D953D733-D154-4DF2-B2B9-30BF942E1B6B}
		{4819C739-6312-4DA5-8C30-CD3313F3B49B} = {1FC63454-ADB1-48A8-8B2C-3635AAE97126}
		{53B3D48F-D6CE-4292-856F-AB369844FF4C} = {1FC63454-ADB1-48A8-8B2C-3635AAE97126}
		{D7E65E36-A803-4240-A049-659BC93627F3} = {D953D733-D154-4DF2-B2B9-30BF942E1B6B}
		{CF735D62-B33E-4E3D-9045-43850531F867} = {D7E65E36-A803-4240-A049-659BC93627F3}
		{055A5C37-ECAA-4111-9AB9-FC7C85B86222} = {D7E65E36-A803-4240-A049-659BC93627F3}
		{469A2C91-64B4-439B-9097-05499770FFB3} = {F429686D-BB41-4E1C-A84E-518F8A289AEF}
		{A2A46E0F-EAE5-45E5-B17B-0EEB554B1049} = {F429686D-BB41-4E1C-A84E-518F8A289AEF}
		{4DF54E7E-3BC2-4B16-9296-C2E198EF1E09} = {4B0BC1E5-17F9-4DD0-AC93-DDC522E1BE3C}
		{77323165-5363-4FFD-B00C-9385DDE3DCB4} = {4B0BC1E5-17F9-4DD0-AC93-DDC522E1BE3C}
		{4B60B80B-48AC-4628-90D4-35BE8D959988} = {4B0BC1E5-17F9-4DD0-AC93-DDC522E1BE3C}
		{52628041-CDDB-48AE-B8A7-007D4563CFEC} = {D953D733-D154-4DF2-B2B9-30BF942E1B6B}
		{9A9ECFF6-520C-4067-B946-1904D4A51550} = {52628041-CDDB-48AE-B8A7-007D4563CFEC}
		{234B46D6-9EA9-43A7-852C-C3F7124FBDE9} = {52628041-CDDB-48AE-B8A7-007D4563CFEC}
		{8E9DF445-9191-4CF7-B606-248229F3CB23} = {96119B5E-B5F0-400A-9580-B342EBE26212}
		{DCF93293-FDC0-4483-9281-BFD5BD7B125C} = {D953D733-D154-4DF2-B2B9-30BF942E1B6B}
		{47FF7E31-4AA1-48C1-B90C-916C42623629} = {DCF93293-FDC0-4483-9281-BFD5BD7B125C}
		{73BAE655-BFE7-458F-B96E-E9FC054ADBA5} = {DCF93293-FDC0-4483-9281-BFD5BD7B125C}
		{D70EF204-4913-4007-9929-5EB49E2F578A} = {DCF93293-FDC0-4483-9281-BFD5BD7B125C}
		{29803A34-9F89-456D-AD67-C80CF43A5E7E} = {D953D733-D154-4DF2-B2B9-30BF942E1B6B}
		{5B541CD6-7982-4BE3-9999-E950E0A73F10} = {29803A34-9F89-456D-AD67-C80CF43A5E7E}
		{07EC869F-89F4-4277-94FC-6CFFA391FF63} = {29803A34-9F89-456D-AD67-C80CF43A5E7E}
		{02FAB18B-BD65-4F93-9B76-BCE0A8111FB8} = {4B0BC1E5-17F9-4DD0-AC93-DDC522E1BE3C}
		{0817E7C3-A97D-4513-8B97-7317364D3C41} = {96119B5E-B5F0-400A-9580-B342EBE26212}
		{1F8B20E2-6863-43F3-BD01-56F0B1054A90} = {F429686D-BB41-4E1C-A84E-518F8A289AEF}
		{6575C65A-D859-4179-8EF0-ED03D1CDAAF0} = {F429686D-BB41-4E1C-A84E-518F8A289AEF}
		{8A59EF24-A6A1-4D8C-89DA-2C33AC16B3B8} = {96119B5E-B5F0-400A-9580-B342EBE26212}
		{FFA5D61B-D6F7-4113-9B59-21C261DA919F} = {84D32C8B-9CCE-4925-9AEC-8F445C7A2E3D}
		{42769A54-BE7F-4093-BE96-6E3322C83E98} = {FFA5D61B-D6F7-4113-9B59-21C261DA919F}
		{ED818FA4-1012-4C62-BC2B-0AEE3986425D} = {FFA5D61B-D6F7-4113-9B59-21C261DA919F}
		{78176781-2678-4A64-9EB9-1697B36F8479} = {FFA5D61B-D6F7-4113-9B59-21C261DA919F}
		{D312DE3D-4CAD-4EA4-8DCD-70A8291F6992} = {FFA5D61B-D6F7-4113-9B59-21C261DA919F}
		{F021E1B6-81C7-4C18-9051-BF91948CEC31} = {FFA5D61B-D6F7-4113-9B59-21C261DA919F}
		{BF377A3C-105C-492A-AA76-D6ABB097EC82} = {FFA5D61B-D6F7-4113-9B59-21C261DA919F}
		{894D694A-410F-4FE1-80D2-D8B3F06ABA69} = {FFA5D61B-D6F7-4113-9B59-21C261DA919F}
		{2ED4563B-740C-4102-8E4C-F4B047104229} = {84D32C8B-9CCE-4925-9AEC-8F445C7A2E3D}
		{2363437A-1965-4316-8D33-79EA6E4D86A9} = {2ED4563B-740C-4102-8E4C-F4B047104229}
		{7AABB5FF-A93E-468F-A7F8-D16B876589BD} = {2ED4563B-740C-4102-8E4C-F4B047104229}
		{ABE5F332-6709-4EDF-B88A-39DB96542B18} = {84D32C8B-9CCE-4925-9AEC-8F445C7A2E3D}
		{76BD802A-74DE-4E27-AF3F-34173D1CFF62} = {ABE5F332-6709-4EDF-B88A-39DB96542B18}
		{56C404E9-9B7F-424C-AC47-7B67366DE2CF} = {ABE5F332-6709-4EDF-B88A-39DB96542B18}
		{9877471A-3D66-4279-8C57-FCA6CACF4C48} = {84D32C8B-9CCE-4925-9AEC-8F445C7A2E3D}
		{1FD88857-4571-4DC4-80A9-F40E2CFAE274} = {9877471A-3D66-4279-8C57-FCA6CACF4C48}
		{723E0112-1BCC-4FCF-A5C9-D61C381771AC} = {9877471A-3D66-4279-8C57-FCA6CACF4C48}
		{83743B8A-E4DF-4DCE-81C5-7708F342A18A} = {FFA5D61B-D6F7-4113-9B59-21C261DA919F}
		{97EB688E-12A7-4273-9893-131670E49A33} = {7A9E0EAE-9ABF-40F6-9DB9-8FB1243F4210}
		{A71F5DC1-8EC9-4C79-951C-7F374961C2F7} = {96119B5E-B5F0-400A-9580-B342EBE26212}
		{E426CBC2-E4AE-49B2-840E-14D54442FDAC} = {D953D733-D154-4DF2-B2B9-30BF942E1B6B}
		{9B6BD2ED-B58D-4557-B54C-EAB0268862FB} = {E426CBC2-E4AE-49B2-840E-14D54442FDAC}
		{A4F1E33D-DA47-476A-B628-2CB8E775819E} = {E426CBC2-E4AE-49B2-840E-14D54442FDAC}
		{5F51ACE8-6DFC-40CF-91C9-9CD96F77971F} = {4B0BC1E5-17F9-4DD0-AC93-DDC522E1BE3C}
		{63E9B289-95E8-4F2B-A064-156971A6853C} = {84D32C8B-9CCE-4925-9AEC-8F445C7A2E3D}
		{F8DCB579-56BE-49D2-9A9B-BEAA0C457A8B} = {84D32C8B-9CCE-4925-9AEC-8F445C7A2E3D}
		{CB7C26B1-A8B5-4B66-BB81-40E59918A6ED} = {63E9B289-95E8-4F2B-A064-156971A6853C}
		{7040CD14-EF4B-40B4-B702-0D59D1F3AEE5} = {63E9B289-95E8-4F2B-A064-156971A6853C}
		{92A1F3D3-1AF1-4112-B956-38E8DB1B345B} = {F8DCB579-56BE-49D2-9A9B-BEAA0C457A8B}
		{F0F8EA19-0AB7-4D23-944A-59DA514B20D0} = {F8DCB579-56BE-49D2-9A9B-BEAA0C457A8B}
		{9A3741FD-C0EF-4275-8CB0-77D6EB407E88} = {4B0BC1E5-17F9-4DD0-AC93-DDC522E1BE3C}
		{6F6FB8FC-564C-4B04-B254-EB53A7E4562F} = {D953D733-D154-4DF2-B2B9-30BF942E1B6B}
		{A484AD9E-04C7-4CF9-BB59-5C7DE772851C} = {4B0BC1E5-17F9-4DD0-AC93-DDC522E1BE3C}
		{4FA38CED-74C9-4969-83B2-6BD54F245E6C} = {4B0BC1E5-17F9-4DD0-AC93-DDC522E1BE3C}
		{DC18FDD3-2AD9-43C9-B8CC-850457FE1A07} = {4B0BC1E5-17F9-4DD0-AC93-DDC522E1BE3C}
		{C8E1C3C8-4BF7-4D93-9959-A4DAA3859A0D} = {4B0BC1E5-17F9-4DD0-AC93-DDC522E1BE3C}
		{229147BA-99A7-4761-BA5E-3E65277C9B8E} = {7A9E0EAE-9ABF-40F6-9DB9-8FB1243F4210}
		{F3ECE3DC-153D-4F8A-AC48-2396F2B46ED7} = {7A9E0EAE-9ABF-40F6-9DB9-8FB1243F4210}
		{D01C99ED-B735-4854-A07D-B55E506A1441} = {7A9E0EAE-9ABF-40F6-9DB9-8FB1243F4210}
		{4257ECCC-A172-4FC0-BE0D-A60FDE0C8A74} = {7A9E0EAE-9ABF-40F6-9DB9-8FB1243F4210}
		{1A34A78B-F6AB-41A9-8B90-384C6E1DBC63} = {7A9E0EAE-9ABF-40F6-9DB9-8FB1243F4210}
		{AAFFC067-D110-45FF-9FA0-8E02F77D9D14} = {7A9E0EAE-9ABF-40F6-9DB9-8FB1243F4210}
		{71B152DD-7A0B-4935-B8B1-1060E674D23D} = {7A9E0EAE-9ABF-40F6-9DB9-8FB1243F4210}
		{B035801D-E786-4AAA-858A-0770D88116D6} = {63E9B289-95E8-4F2B-A064-156971A6853C}
		{579CD7E7-216A-4A68-A338-663FC3D031B7} = {0D320722-7CED-41C0-A914-11AC223320AA}
		{619D927F-D1B3-4A40-8B6C-AD136D569FE1} = {0D320722-7CED-41C0-A914-11AC223320AA}
		{0D320722-7CED-41C0-A914-11AC223320AA} = {84D32C8B-9CCE-4925-9AEC-8F445C7A2E3D}
		{76DEE39A-1F71-44BA-B352-B4C04695DCD8} = {D953D733-D154-4DF2-B2B9-30BF942E1B6B}
		{6C8A5E7D-A2B1-438F-9F22-04CE68CA6984} = {76DEE39A-1F71-44BA-B352-B4C04695DCD8}
		{33FFBE07-65B9-41A6-9CA8-09C3DB117982} = {76DEE39A-1F71-44BA-B352-B4C04695DCD8}
		{BE809FBA-8425-456C-966B-185186FED41E} = {76DEE39A-1F71-44BA-B352-B4C04695DCD8}
		{FAB7B325-9F72-478E-8A0D-929A6E776130} = {96119B5E-B5F0-400A-9580-B342EBE26212}
		{5856D04A-079C-4C0B-ACFF-0C49F8C37E9F} = {D953D733-D154-4DF2-B2B9-30BF942E1B6B}
		{944FA4D5-E198-4DB4-8795-DC810709626C} = {5856D04A-079C-4C0B-ACFF-0C49F8C37E9F}
		{318BC03C-4D1A-4491-9E57-8F055C0109D3} = {5856D04A-079C-4C0B-ACFF-0C49F8C37E9F}
	EndGlobalSection
EndGlobal
